// !$*UTF8*$!
{
	archiveVersion = 1;
	classes = {
	};
	objectVersion = 51;
	objects = {

/* Begin PBXAggregateTarget section */
		888A33DB221C9EB100420C3A /* Localization */ = {
			isa = PBXAggregateTarget;
			buildConfigurationList = 888A33DF221C9EB100420C3A /* Build configuration list for PBXAggregateTarget "Localization" */;
			buildPhases = (
				888A33E0221C9EC200420C3A /* Download strings */,
			);
			dependencies = (
			);
			name = Localization;
			productName = Localization;
		};
/* End PBXAggregateTarget section */

/* Begin PBXBuildFile section */
		02A5FF3AE73B6DF3CAB2A7AD /* libPods-mi-ios-2019-Unit-Tests.a in Frameworks */ = {isa = PBXBuildFile; fileRef = CDAAD15C9CF13EC7913960B9 /* libPods-mi-ios-2019-Unit-Tests.a */; };
		69E563842225ACBE00132447 /* PickerViewController.swift in Sources */ = {isa = PBXBuildFile; fileRef = 69E563832225ACBE00132447 /* PickerViewController.swift */; };
		69E563872225B61400132447 /* CarKind.swift in Sources */ = {isa = PBXBuildFile; fileRef = 69E563862225B61400132447 /* CarKind.swift */; };
		69E5638A2225B78000132447 /* UIAlertActionExtensions.swift in Sources */ = {isa = PBXBuildFile; fileRef = 69E563892225B78000132447 /* UIAlertActionExtensions.swift */; };
		69E5638C2225B92B00132447 /* KnownManufacturer.swift in Sources */ = {isa = PBXBuildFile; fileRef = 69E5638B2225B92B00132447 /* KnownManufacturer.swift */; };
		69E5638E2225C20600132447 /* AlmostEquatable.swift in Sources */ = {isa = PBXBuildFile; fileRef = 69E5638D2225C20600132447 /* AlmostEquatable.swift */; };
		69E563902225D4BD00132447 /* Animal.swift in Sources */ = {isa = PBXBuildFile; fileRef = 69E5638F2225D4BD00132447 /* Animal.swift */; };
		69E563942225D8D900132447 /* PickerHandler.swift in Sources */ = {isa = PBXBuildFile; fileRef = 69E563932225D8D900132447 /* PickerHandler.swift */; };
		69E563962225EC3E00132447 /* Playground.swift in Sources */ = {isa = PBXBuildFile; fileRef = 69E563952225EC3E00132447 /* Playground.swift */; };
		887BDFAD221C672C008C37A4 /* AppDelegate.swift in Sources */ = {isa = PBXBuildFile; fileRef = 887BDFAC221C672C008C37A4 /* AppDelegate.swift */; };
		887BDFAF221C672C008C37A4 /* ViewController.swift in Sources */ = {isa = PBXBuildFile; fileRef = 887BDFAE221C672C008C37A4 /* ViewController.swift */; };
		887BDFB2221C672C008C37A4 /* Main.storyboard in Resources */ = {isa = PBXBuildFile; fileRef = 887BDFB0221C672C008C37A4 /* Main.storyboard */; };
		887BDFB4221C672D008C37A4 /* Assets.xcassets in Resources */ = {isa = PBXBuildFile; fileRef = 887BDFB3221C672D008C37A4 /* Assets.xcassets */; };
		887BDFB7221C672D008C37A4 /* LaunchScreen.storyboard in Resources */ = {isa = PBXBuildFile; fileRef = 887BDFB5221C672D008C37A4 /* LaunchScreen.storyboard */; };
		888A33D7221C972C00420C3A /* Localizable.strings in Resources */ = {isa = PBXBuildFile; fileRef = 888A33D9221C972C00420C3A /* Localizable.strings */; };
		888A33E3221CA33000420C3A /* Strings.swift in Sources */ = {isa = PBXBuildFile; fileRef = 888A33E2221CA33000420C3A /* Strings.swift */; };
		A30023BC2240ECC4007777C9 /* PasswordEditViewController.swift in Sources */ = {isa = PBXBuildFile; fileRef = A30023BA2240ECC3007777C9 /* PasswordEditViewController.swift */; };
		A30023BD2240ECC4007777C9 /* RegistrationViewController.swift in Sources */ = {isa = PBXBuildFile; fileRef = A30023BB2240ECC4007777C9 /* RegistrationViewController.swift */; };
		A30023C02240F0C5007777C9 /* RegistrationViewModel.swift in Sources */ = {isa = PBXBuildFile; fileRef = A30023BE2240F0C4007777C9 /* RegistrationViewModel.swift */; };
		A30023C12240F0C5007777C9 /* PasswordEditViewModel.swift in Sources */ = {isa = PBXBuildFile; fileRef = A30023BF2240F0C5007777C9 /* PasswordEditViewModel.swift */; };
		A30023C32240F0F2007777C9 /* Validations.swift in Sources */ = {isa = PBXBuildFile; fileRef = A30023C22240F0F1007777C9 /* Validations.swift */; };
		A30023C52240F984007777C9 /* UIViewController+ValidationError.swift in Sources */ = {isa = PBXBuildFile; fileRef = A30023C42240F984007777C9 /* UIViewController+ValidationError.swift */; };
		A30023C72241149B007777C9 /* AppDependency.swift in Sources */ = {isa = PBXBuildFile; fileRef = A30023C62241149B007777C9 /* AppDependency.swift */; };
		A30023C92241198C007777C9 /* AppDependency+Factories.swift in Sources */ = {isa = PBXBuildFile; fileRef = A30023C82241198C007777C9 /* AppDependency+Factories.swift */; };
		A38011562241699A00CDD0DA /* PhoneValidatorTests.swift in Sources */ = {isa = PBXBuildFile; fileRef = A38011552241699A00CDD0DA /* PhoneValidatorTests.swift */; };
		A3801157224169BF00CDD0DA /* Validations.swift in Sources */ = {isa = PBXBuildFile; fileRef = A30023C22240F0F1007777C9 /* Validations.swift */; };
		A380115922416AFC00CDD0DA /* EmailValidatorTests.swift in Sources */ = {isa = PBXBuildFile; fileRef = A380115822416AFC00CDD0DA /* EmailValidatorTests.swift */; };
		A380115B22416B8700CDD0DA /* RegistrationViewModelTests.swift in Sources */ = {isa = PBXBuildFile; fileRef = A380115A22416B8700CDD0DA /* RegistrationViewModelTests.swift */; };
		A380115C22416BA200CDD0DA /* RegistrationViewModel.swift in Sources */ = {isa = PBXBuildFile; fileRef = A30023BE2240F0C4007777C9 /* RegistrationViewModel.swift */; };
		A380115D22416C2D00CDD0DA /* PasswordEditViewModel.swift in Sources */ = {isa = PBXBuildFile; fileRef = A30023BF2240F0C5007777C9 /* PasswordEditViewModel.swift */; };
		A380115E22416C5400CDD0DA /* UserRepository.swift in Sources */ = {isa = PBXBuildFile; fileRef = B4266CA922380DC100A7722B /* UserRepository.swift */; };
		A380115F22416C5C00CDD0DA /* User.swift in Sources */ = {isa = PBXBuildFile; fileRef = B4266CA52237FC0400A7722B /* User.swift */; };
		A380116122416C8200CDD0DA /* LoginError.swift in Sources */ = {isa = PBXBuildFile; fileRef = A380116022416C8200CDD0DA /* LoginError.swift */; };
		A380116222416C9000CDD0DA /* LoginError.swift in Sources */ = {isa = PBXBuildFile; fileRef = A380116022416C8200CDD0DA /* LoginError.swift */; };
		A380116422416D5100CDD0DA /* TestDependency.swift in Sources */ = {isa = PBXBuildFile; fileRef = A380116322416D5100CDD0DA /* TestDependency.swift */; };
		B4266CA12237DC8800A7722B /* LoginViewController.swift in Sources */ = {isa = PBXBuildFile; fileRef = B4266CA02237DC8800A7722B /* LoginViewController.swift */; };
		B4266CA42237F83800A7722B /* LoginViewModel.swift in Sources */ = {isa = PBXBuildFile; fileRef = B4266CA32237F83800A7722B /* LoginViewModel.swift */; };
		B4266CA62237FC0400A7722B /* User.swift in Sources */ = {isa = PBXBuildFile; fileRef = B4266CA52237FC0400A7722B /* User.swift */; };
		B4266CA82238027C00A7722B /* Reactive+TextField.swift in Sources */ = {isa = PBXBuildFile; fileRef = B4266CA72238027C00A7722B /* Reactive+TextField.swift */; };
		B4266CAA22380DC100A7722B /* UserRepository.swift in Sources */ = {isa = PBXBuildFile; fileRef = B4266CA922380DC100A7722B /* UserRepository.swift */; };
		B4266CAC223815A400A7722B /* LogoutViewController.swift in Sources */ = {isa = PBXBuildFile; fileRef = B4266CAB223815A400A7722B /* LogoutViewController.swift */; };
		B4266CAE223817C200A7722B /* LogoutViewModel.swift in Sources */ = {isa = PBXBuildFile; fileRef = B4266CAD223817C200A7722B /* LogoutViewModel.swift */; };
		B4266CB0223833C200A7722B /* Base.swift in Sources */ = {isa = PBXBuildFile; fileRef = B4266CAF223833C200A7722B /* Base.swift */; };
		B5F551874FA33172116FF089 /* Pods_mi_ios_2019.framework in Frameworks */ = {isa = PBXBuildFile; fileRef = 9AFC1CB71F3F3E687778A233 /* Pods_mi_ios_2019.framework */; };
/* End PBXBuildFile section */

/* Begin PBXContainerItemProxy section */
		A380114F224168C300CDD0DA /* PBXContainerItemProxy */ = {
			isa = PBXContainerItemProxy;
			containerPortal = 887BDFA1221C672C008C37A4 /* Project object */;
			proxyType = 1;
			remoteGlobalIDString = 887BDFA8221C672C008C37A4;
			remoteInfo = "mi-ios-2019";
		};
/* End PBXContainerItemProxy section */

/* Begin PBXFileReference section */
		4BA6B2BF11B86034C99864EF /* Pods-mi-ios-2019.debug.xcconfig */ = {isa = PBXFileReference; includeInIndex = 1; lastKnownFileType = text.xcconfig; name = "Pods-mi-ios-2019.debug.xcconfig"; path = "Target Support Files/Pods-mi-ios-2019/Pods-mi-ios-2019.debug.xcconfig"; sourceTree = "<group>"; };
		69E563832225ACBE00132447 /* PickerViewController.swift */ = {isa = PBXFileReference; lastKnownFileType = sourcecode.swift; path = PickerViewController.swift; sourceTree = "<group>"; };
		69E563862225B61400132447 /* CarKind.swift */ = {isa = PBXFileReference; lastKnownFileType = sourcecode.swift; path = CarKind.swift; sourceTree = "<group>"; };
		69E563892225B78000132447 /* UIAlertActionExtensions.swift */ = {isa = PBXFileReference; lastKnownFileType = sourcecode.swift; path = UIAlertActionExtensions.swift; sourceTree = "<group>"; };
		69E5638B2225B92B00132447 /* KnownManufacturer.swift */ = {isa = PBXFileReference; lastKnownFileType = sourcecode.swift; path = KnownManufacturer.swift; sourceTree = "<group>"; };
		69E5638D2225C20600132447 /* AlmostEquatable.swift */ = {isa = PBXFileReference; lastKnownFileType = sourcecode.swift; path = AlmostEquatable.swift; sourceTree = "<group>"; };
		69E5638F2225D4BD00132447 /* Animal.swift */ = {isa = PBXFileReference; lastKnownFileType = sourcecode.swift; path = Animal.swift; sourceTree = "<group>"; };
		69E563932225D8D900132447 /* PickerHandler.swift */ = {isa = PBXFileReference; lastKnownFileType = sourcecode.swift; path = PickerHandler.swift; sourceTree = "<group>"; };
		69E563952225EC3E00132447 /* Playground.swift */ = {isa = PBXFileReference; lastKnownFileType = sourcecode.swift; path = Playground.swift; sourceTree = "<group>"; };
		6D1473B44E24DD0A17289E5A /* Pods-mi-ios-2019.release.xcconfig */ = {isa = PBXFileReference; includeInIndex = 1; lastKnownFileType = text.xcconfig; name = "Pods-mi-ios-2019.release.xcconfig"; path = "Target Support Files/Pods-mi-ios-2019/Pods-mi-ios-2019.release.xcconfig"; sourceTree = "<group>"; };
		887BDFA9221C672C008C37A4 /* mi-ios-2019.app */ = {isa = PBXFileReference; explicitFileType = wrapper.application; includeInIndex = 0; path = "mi-ios-2019.app"; sourceTree = BUILT_PRODUCTS_DIR; };
		887BDFAC221C672C008C37A4 /* AppDelegate.swift */ = {isa = PBXFileReference; lastKnownFileType = sourcecode.swift; path = AppDelegate.swift; sourceTree = "<group>"; };
		887BDFAE221C672C008C37A4 /* ViewController.swift */ = {isa = PBXFileReference; lastKnownFileType = sourcecode.swift; path = ViewController.swift; sourceTree = "<group>"; };
		887BDFB1221C672C008C37A4 /* Base */ = {isa = PBXFileReference; lastKnownFileType = file.storyboard; name = Base; path = Base.lproj/Main.storyboard; sourceTree = "<group>"; };
		887BDFB3221C672D008C37A4 /* Assets.xcassets */ = {isa = PBXFileReference; lastKnownFileType = folder.assetcatalog; path = Assets.xcassets; sourceTree = "<group>"; };
		887BDFB6221C672D008C37A4 /* Base */ = {isa = PBXFileReference; lastKnownFileType = file.storyboard; name = Base; path = Base.lproj/LaunchScreen.storyboard; sourceTree = "<group>"; };
		887BDFB8221C672D008C37A4 /* Info.plist */ = {isa = PBXFileReference; lastKnownFileType = text.plist.xml; path = Info.plist; sourceTree = "<group>"; };
		888A33D8221C972C00420C3A /* en */ = {isa = PBXFileReference; lastKnownFileType = text.plist.strings; name = en; path = en.lproj/Localizable.strings; sourceTree = "<group>"; };
		888A33DA221C973F00420C3A /* cs */ = {isa = PBXFileReference; lastKnownFileType = text.plist.strings; name = cs; path = cs.lproj/Localizable.strings; sourceTree = "<group>"; };
		888A33E2221CA33000420C3A /* Strings.swift */ = {isa = PBXFileReference; fileEncoding = 4; lastKnownFileType = sourcecode.swift; path = Strings.swift; sourceTree = "<group>"; };
		99A3C458492BB65632BC1743 /* Pods-mi-ios-2019-Unit-Tests.debug.xcconfig */ = {isa = PBXFileReference; includeInIndex = 1; lastKnownFileType = text.xcconfig; name = "Pods-mi-ios-2019-Unit-Tests.debug.xcconfig"; path = "Target Support Files/Pods-mi-ios-2019-Unit-Tests/Pods-mi-ios-2019-Unit-Tests.debug.xcconfig"; sourceTree = "<group>"; };
		9AFC1CB71F3F3E687778A233 /* Pods_mi_ios_2019.framework */ = {isa = PBXFileReference; explicitFileType = wrapper.framework; includeInIndex = 0; path = Pods_mi_ios_2019.framework; sourceTree = BUILT_PRODUCTS_DIR; };
		A30023BA2240ECC3007777C9 /* PasswordEditViewController.swift */ = {isa = PBXFileReference; fileEncoding = 4; lastKnownFileType = sourcecode.swift; path = PasswordEditViewController.swift; sourceTree = "<group>"; };
		A30023BB2240ECC4007777C9 /* RegistrationViewController.swift */ = {isa = PBXFileReference; fileEncoding = 4; lastKnownFileType = sourcecode.swift; path = RegistrationViewController.swift; sourceTree = "<group>"; };
		A30023BE2240F0C4007777C9 /* RegistrationViewModel.swift */ = {isa = PBXFileReference; fileEncoding = 4; lastKnownFileType = sourcecode.swift; path = RegistrationViewModel.swift; sourceTree = "<group>"; };
		A30023BF2240F0C5007777C9 /* PasswordEditViewModel.swift */ = {isa = PBXFileReference; fileEncoding = 4; lastKnownFileType = sourcecode.swift; path = PasswordEditViewModel.swift; sourceTree = "<group>"; };
		A30023C22240F0F1007777C9 /* Validations.swift */ = {isa = PBXFileReference; fileEncoding = 4; lastKnownFileType = sourcecode.swift; path = Validations.swift; sourceTree = "<group>"; };
		A30023C42240F984007777C9 /* UIViewController+ValidationError.swift */ = {isa = PBXFileReference; fileEncoding = 4; lastKnownFileType = sourcecode.swift; path = "UIViewController+ValidationError.swift"; sourceTree = "<group>"; };
		A30023C62241149B007777C9 /* AppDependency.swift */ = {isa = PBXFileReference; lastKnownFileType = sourcecode.swift; name = AppDependency.swift; path = Service/AppDependency.swift; sourceTree = "<group>"; };
		A30023C82241198C007777C9 /* AppDependency+Factories.swift */ = {isa = PBXFileReference; lastKnownFileType = sourcecode.swift; path = "AppDependency+Factories.swift"; sourceTree = "<group>"; };
		A380114A224168C200CDD0DA /* mi-ios-2019-Unit-Tests.xctest */ = {isa = PBXFileReference; explicitFileType = wrapper.cfbundle; includeInIndex = 0; path = "mi-ios-2019-Unit-Tests.xctest"; sourceTree = BUILT_PRODUCTS_DIR; };
		A380114E224168C300CDD0DA /* Info.plist */ = {isa = PBXFileReference; lastKnownFileType = text.plist.xml; path = Info.plist; sourceTree = "<group>"; };
		A38011552241699A00CDD0DA /* PhoneValidatorTests.swift */ = {isa = PBXFileReference; lastKnownFileType = sourcecode.swift; path = PhoneValidatorTests.swift; sourceTree = "<group>"; };
		A380115822416AFC00CDD0DA /* EmailValidatorTests.swift */ = {isa = PBXFileReference; lastKnownFileType = sourcecode.swift; path = EmailValidatorTests.swift; sourceTree = "<group>"; };
		A380115A22416B8700CDD0DA /* RegistrationViewModelTests.swift */ = {isa = PBXFileReference; lastKnownFileType = sourcecode.swift; path = RegistrationViewModelTests.swift; sourceTree = "<group>"; };
		A380116022416C8200CDD0DA /* LoginError.swift */ = {isa = PBXFileReference; lastKnownFileType = sourcecode.swift; path = LoginError.swift; sourceTree = "<group>"; };
		A380116322416D5100CDD0DA /* TestDependency.swift */ = {isa = PBXFileReference; lastKnownFileType = sourcecode.swift; path = TestDependency.swift; sourceTree = "<group>"; };
		AAA5668B71824F04B9618A0D /* Pods-mi-ios-2019.adhoc.xcconfig */ = {isa = PBXFileReference; includeInIndex = 1; lastKnownFileType = text.xcconfig; name = "Pods-mi-ios-2019.adhoc.xcconfig"; path = "Target Support Files/Pods-mi-ios-2019/Pods-mi-ios-2019.adhoc.xcconfig"; sourceTree = "<group>"; };
		B4266CA02237DC8800A7722B /* LoginViewController.swift */ = {isa = PBXFileReference; lastKnownFileType = sourcecode.swift; path = LoginViewController.swift; sourceTree = "<group>"; };
		B4266CA32237F83800A7722B /* LoginViewModel.swift */ = {isa = PBXFileReference; lastKnownFileType = sourcecode.swift; path = LoginViewModel.swift; sourceTree = "<group>"; };
		B4266CA52237FC0400A7722B /* User.swift */ = {isa = PBXFileReference; lastKnownFileType = sourcecode.swift; path = User.swift; sourceTree = "<group>"; };
		B4266CA72238027C00A7722B /* Reactive+TextField.swift */ = {isa = PBXFileReference; lastKnownFileType = sourcecode.swift; path = "Reactive+TextField.swift"; sourceTree = "<group>"; };
		B4266CA922380DC100A7722B /* UserRepository.swift */ = {isa = PBXFileReference; lastKnownFileType = sourcecode.swift; path = UserRepository.swift; sourceTree = "<group>"; };
		B4266CAB223815A400A7722B /* LogoutViewController.swift */ = {isa = PBXFileReference; lastKnownFileType = sourcecode.swift; path = LogoutViewController.swift; sourceTree = "<group>"; };
		B4266CAD223817C200A7722B /* LogoutViewModel.swift */ = {isa = PBXFileReference; lastKnownFileType = sourcecode.swift; path = LogoutViewModel.swift; sourceTree = "<group>"; };
		B4266CAF223833C200A7722B /* Base.swift */ = {isa = PBXFileReference; lastKnownFileType = sourcecode.swift; path = Base.swift; sourceTree = "<group>"; };
		B44610490FD5D36EFD3C6E5A /* Pods-mi-ios-2019-Unit-Tests.adhoc.xcconfig */ = {isa = PBXFileReference; includeInIndex = 1; lastKnownFileType = text.xcconfig; name = "Pods-mi-ios-2019-Unit-Tests.adhoc.xcconfig"; path = "Target Support Files/Pods-mi-ios-2019-Unit-Tests/Pods-mi-ios-2019-Unit-Tests.adhoc.xcconfig"; sourceTree = "<group>"; };
		BD2B32B90FD9B657BD0582D6 /* Pods-mi-ios-2019-Unit-Tests.release.xcconfig */ = {isa = PBXFileReference; includeInIndex = 1; lastKnownFileType = text.xcconfig; name = "Pods-mi-ios-2019-Unit-Tests.release.xcconfig"; path = "Target Support Files/Pods-mi-ios-2019-Unit-Tests/Pods-mi-ios-2019-Unit-Tests.release.xcconfig"; sourceTree = "<group>"; };
		CDAAD15C9CF13EC7913960B9 /* libPods-mi-ios-2019-Unit-Tests.a */ = {isa = PBXFileReference; explicitFileType = archive.ar; includeInIndex = 0; path = "libPods-mi-ios-2019-Unit-Tests.a"; sourceTree = BUILT_PRODUCTS_DIR; };
/* End PBXFileReference section */

/* Begin PBXFrameworksBuildPhase section */
		887BDFA6221C672C008C37A4 /* Frameworks */ = {
			isa = PBXFrameworksBuildPhase;
			buildActionMask = 2147483647;
			files = (
				B5F551874FA33172116FF089 /* Pods_mi_ios_2019.framework in Frameworks */,
			);
			runOnlyForDeploymentPostprocessing = 0;
		};
		A3801147224168C200CDD0DA /* Frameworks */ = {
			isa = PBXFrameworksBuildPhase;
			buildActionMask = 2147483647;
			files = (
				02A5FF3AE73B6DF3CAB2A7AD /* libPods-mi-ios-2019-Unit-Tests.a in Frameworks */,
			);
			runOnlyForDeploymentPostprocessing = 0;
		};
/* End PBXFrameworksBuildPhase section */

/* Begin PBXGroup section */
		11DDA58B3D04E1B0908875F1 /* Pods */ = {
			isa = PBXGroup;
			children = (
				4BA6B2BF11B86034C99864EF /* Pods-mi-ios-2019.debug.xcconfig */,
				6D1473B44E24DD0A17289E5A /* Pods-mi-ios-2019.release.xcconfig */,
				AAA5668B71824F04B9618A0D /* Pods-mi-ios-2019.adhoc.xcconfig */,
				99A3C458492BB65632BC1743 /* Pods-mi-ios-2019-Unit-Tests.debug.xcconfig */,
				BD2B32B90FD9B657BD0582D6 /* Pods-mi-ios-2019-Unit-Tests.release.xcconfig */,
				B44610490FD5D36EFD3C6E5A /* Pods-mi-ios-2019-Unit-Tests.adhoc.xcconfig */,
			);
			path = Pods;
			sourceTree = "<group>";
		};
		69E563852225B5E900132447 /* Model */ = {
			isa = PBXGroup;
			children = (
				69E563862225B61400132447 /* CarKind.swift */,
				69E5638B2225B92B00132447 /* KnownManufacturer.swift */,
				69E5638F2225D4BD00132447 /* Animal.swift */,
				B4266CA52237FC0400A7722B /* User.swift */,
			);
			path = Model;
			sourceTree = "<group>";
		};
		69E563882225B77000132447 /* Extensions */ = {
			isa = PBXGroup;
			children = (
				69E563892225B78000132447 /* UIAlertActionExtensions.swift */,
				A30023C42240F984007777C9 /* UIViewController+ValidationError.swift */,
				B4266CA72238027C00A7722B /* Reactive+TextField.swift */,
				B4266CAF223833C200A7722B /* Base.swift */,
			);
			path = Extensions;
			sourceTree = "<group>";
		};
		887BDFA0221C672C008C37A4 = {
			isa = PBXGroup;
			children = (
				887BDFAB221C672C008C37A4 /* mi-ios-2019 */,
				A380114B224168C300CDD0DA /* mi-ios-2019-Unit-Tests */,
				887BDFAA221C672C008C37A4 /* Products */,
				11DDA58B3D04E1B0908875F1 /* Pods */,
				B2DF619E97AC5AA7500897BF /* Frameworks */,
			);
			sourceTree = "<group>";
		};
		887BDFAA221C672C008C37A4 /* Products */ = {
			isa = PBXGroup;
			children = (
				887BDFA9221C672C008C37A4 /* mi-ios-2019.app */,
				A380114A224168C200CDD0DA /* mi-ios-2019-Unit-Tests.xctest */,
			);
			name = Products;
			sourceTree = "<group>";
		};
		887BDFAB221C672C008C37A4 /* mi-ios-2019 */ = {
			isa = PBXGroup;
			children = (
				A380116022416C8200CDD0DA /* LoginError.swift */,
				B4266CA22237DD0900A7722B /* Service */,
				B4266C9F2237DC8100A7722B /* Screens */,
				888A33E1221CA33000420C3A /* Generated */,
				69E563882225B77000132447 /* Extensions */,
				69E563852225B5E900132447 /* Model */,
				887BDFAC221C672C008C37A4 /* AppDelegate.swift */,
				A30023C62241149B007777C9 /* AppDependency.swift */,
				887BDFAE221C672C008C37A4 /* ViewController.swift */,
				69E563832225ACBE00132447 /* PickerViewController.swift */,
				69E563932225D8D900132447 /* PickerHandler.swift */,
				887BDFB0221C672C008C37A4 /* Main.storyboard */,
				887BDFB3221C672D008C37A4 /* Assets.xcassets */,
				887BDFB5221C672D008C37A4 /* LaunchScreen.storyboard */,
				887BDFB8221C672D008C37A4 /* Info.plist */,
				888A33D9221C972C00420C3A /* Localizable.strings */,
				69E5638D2225C20600132447 /* AlmostEquatable.swift */,
				69E563952225EC3E00132447 /* Playground.swift */,
			);
			path = "mi-ios-2019";
			sourceTree = "<group>";
		};
		888A33E1221CA33000420C3A /* Generated */ = {
			isa = PBXGroup;
			children = (
				888A33E2221CA33000420C3A /* Strings.swift */,
			);
			path = Generated;
			sourceTree = "<group>";
		};
		A380114B224168C300CDD0DA /* mi-ios-2019-Unit-Tests */ = {
			isa = PBXGroup;
			children = (
				A380115822416AFC00CDD0DA /* EmailValidatorTests.swift */,
				A380115A22416B8700CDD0DA /* RegistrationViewModelTests.swift */,
				A380116322416D5100CDD0DA /* TestDependency.swift */,
				A38011552241699A00CDD0DA /* PhoneValidatorTests.swift */,
				A380114E224168C300CDD0DA /* Info.plist */,
			);
			path = "mi-ios-2019-Unit-Tests";
			sourceTree = "<group>";
		};
		B2DF619E97AC5AA7500897BF /* Frameworks */ = {
			isa = PBXGroup;
			children = (
				9AFC1CB71F3F3E687778A233 /* Pods_mi_ios_2019.framework */,
				CDAAD15C9CF13EC7913960B9 /* libPods-mi-ios-2019-Unit-Tests.a */,
			);
			name = Frameworks;
			sourceTree = "<group>";
		};
		B4266C9F2237DC8100A7722B /* Screens */ = {
			isa = PBXGroup;
			children = (
				B4266CA02237DC8800A7722B /* LoginViewController.swift */,
				B4266CA32237F83800A7722B /* LoginViewModel.swift */,
				B4266CAB223815A400A7722B /* LogoutViewController.swift */,
				B4266CAD223817C200A7722B /* LogoutViewModel.swift */,
				A30023BA2240ECC3007777C9 /* PasswordEditViewController.swift */,
				A30023BF2240F0C5007777C9 /* PasswordEditViewModel.swift */,
				A30023BB2240ECC4007777C9 /* RegistrationViewController.swift */,
				A30023BE2240F0C4007777C9 /* RegistrationViewModel.swift */,
			);
			path = Screens;
			sourceTree = "<group>";
		};
		B4266CA22237DD0900A7722B /* Service */ = {
			isa = PBXGroup;
			children = (
				A30023C82241198C007777C9 /* AppDependency+Factories.swift */,
				B4266CA922380DC100A7722B /* UserRepository.swift */,
				A30023C22240F0F1007777C9 /* Validations.swift */,
			);
			path = Service;
			sourceTree = "<group>";
		};
/* End PBXGroup section */

/* Begin PBXNativeTarget section */
		887BDFA8221C672C008C37A4 /* mi-ios-2019 */ = {
			isa = PBXNativeTarget;
			buildConfigurationList = 887BDFBB221C672D008C37A4 /* Build configuration list for PBXNativeTarget "mi-ios-2019" */;
			buildPhases = (
				3D0CCE5FE979B7D20585D02F /* [CP] Check Pods Manifest.lock */,
				888A33D4221C938200420C3A /* Generate preprocess header */,
				888A33E4221CA39D00420C3A /* SwiftGen */,
				887BDFA5221C672C008C37A4 /* Sources */,
				887BDFA6221C672C008C37A4 /* Frameworks */,
				887BDFA7221C672C008C37A4 /* Resources */,
				09EDFA2652A73F048BAE788D /* [CP] Embed Pods Frameworks */,
			);
			buildRules = (
			);
			dependencies = (
			);
			name = "mi-ios-2019";
			productName = "mi-ios-2019";
			productReference = 887BDFA9221C672C008C37A4 /* mi-ios-2019.app */;
			productType = "com.apple.product-type.application";
		};
		A3801149224168C200CDD0DA /* mi-ios-2019-Unit-Tests */ = {
			isa = PBXNativeTarget;
			buildConfigurationList = A3801154224168C300CDD0DA /* Build configuration list for PBXNativeTarget "mi-ios-2019-Unit-Tests" */;
			buildPhases = (
				315C89989698D09782D72428 /* [CP] Check Pods Manifest.lock */,
				A3801146224168C200CDD0DA /* Sources */,
				A3801147224168C200CDD0DA /* Frameworks */,
				A3801148224168C200CDD0DA /* Resources */,
			);
			buildRules = (
			);
			dependencies = (
				A3801150224168C300CDD0DA /* PBXTargetDependency */,
			);
			name = "mi-ios-2019-Unit-Tests";
			productName = "mi-ios-2019-Unit-Tests";
			productReference = A380114A224168C200CDD0DA /* mi-ios-2019-Unit-Tests.xctest */;
			productType = "com.apple.product-type.bundle.unit-test";
		};
/* End PBXNativeTarget section */

/* Begin PBXProject section */
		887BDFA1221C672C008C37A4 /* Project object */ = {
			isa = PBXProject;
			attributes = {
				LastSwiftUpdateCheck = 1010;
				LastUpgradeCheck = 1010;
				ORGANIZATIONNAME = "ČVUT";
				TargetAttributes = {
					887BDFA8221C672C008C37A4 = {
						CreatedOnToolsVersion = 10.1;
					};
					888A33DB221C9EB100420C3A = {
						CreatedOnToolsVersion = 10.1;
					};
					A3801149224168C200CDD0DA = {
						CreatedOnToolsVersion = 10.1;
						TestTargetID = 887BDFA8221C672C008C37A4;
					};
				};
			};
			buildConfigurationList = 887BDFA4221C672C008C37A4 /* Build configuration list for PBXProject "mi-ios-2019" */;
			compatibilityVersion = "Xcode 10.0";
			developmentRegion = en;
			hasScannedForEncodings = 0;
			knownRegions = (
				en,
				Base,
				cs,
			);
			mainGroup = 887BDFA0221C672C008C37A4;
			productRefGroup = 887BDFAA221C672C008C37A4 /* Products */;
			projectDirPath = "";
			projectRoot = "";
			targets = (
				887BDFA8221C672C008C37A4 /* mi-ios-2019 */,
				888A33DB221C9EB100420C3A /* Localization */,
				A3801149224168C200CDD0DA /* mi-ios-2019-Unit-Tests */,
			);
		};
/* End PBXProject section */

/* Begin PBXResourcesBuildPhase section */
		887BDFA7221C672C008C37A4 /* Resources */ = {
			isa = PBXResourcesBuildPhase;
			buildActionMask = 2147483647;
			files = (
				887BDFB7221C672D008C37A4 /* LaunchScreen.storyboard in Resources */,
				888A33D7221C972C00420C3A /* Localizable.strings in Resources */,
				887BDFB4221C672D008C37A4 /* Assets.xcassets in Resources */,
				887BDFB2221C672C008C37A4 /* Main.storyboard in Resources */,
			);
			runOnlyForDeploymentPostprocessing = 0;
		};
		A3801148224168C200CDD0DA /* Resources */ = {
			isa = PBXResourcesBuildPhase;
			buildActionMask = 2147483647;
			files = (
			);
			runOnlyForDeploymentPostprocessing = 0;
		};
/* End PBXResourcesBuildPhase section */

/* Begin PBXShellScriptBuildPhase section */
		09EDFA2652A73F048BAE788D /* [CP] Embed Pods Frameworks */ = {
			isa = PBXShellScriptBuildPhase;
			buildActionMask = 2147483647;
			files = (
			);
			inputFileListPaths = (
			);
			inputPaths = (
				"${PODS_ROOT}/Target Support Files/Pods-mi-ios-2019/Pods-mi-ios-2019-frameworks.sh",
				"${BUILT_PRODUCTS_DIR}/ACKReactiveExtensions/ACKReactiveExtensions.framework",
				"${BUILT_PRODUCTS_DIR}/ReactiveCocoa/ReactiveCocoa.framework",
				"${BUILT_PRODUCTS_DIR}/ReactiveSwift-framework/ReactiveSwift.framework",
				"${BUILT_PRODUCTS_DIR}/Result-framework/Result.framework",
				"${BUILT_PRODUCTS_DIR}/SnapKit/SnapKit.framework",
			);
			name = "[CP] Embed Pods Frameworks";
			outputFileListPaths = (
			);
			outputPaths = (
				"${TARGET_BUILD_DIR}/${FRAMEWORKS_FOLDER_PATH}/ACKReactiveExtensions.framework",
				"${TARGET_BUILD_DIR}/${FRAMEWORKS_FOLDER_PATH}/ReactiveCocoa.framework",
				"${TARGET_BUILD_DIR}/${FRAMEWORKS_FOLDER_PATH}/ReactiveSwift.framework",
				"${TARGET_BUILD_DIR}/${FRAMEWORKS_FOLDER_PATH}/Result.framework",
				"${TARGET_BUILD_DIR}/${FRAMEWORKS_FOLDER_PATH}/SnapKit.framework",
			);
			runOnlyForDeploymentPostprocessing = 0;
			shellPath = /bin/sh;
			shellScript = "\"${PODS_ROOT}/Target Support Files/Pods-mi-ios-2019/Pods-mi-ios-2019-frameworks.sh\"\n";
			showEnvVarsInLog = 0;
		};
		315C89989698D09782D72428 /* [CP] Check Pods Manifest.lock */ = {
			isa = PBXShellScriptBuildPhase;
			buildActionMask = 2147483647;
			files = (
			);
			inputFileListPaths = (
			);
			inputPaths = (
				"${PODS_PODFILE_DIR_PATH}/Podfile.lock",
				"${PODS_ROOT}/Manifest.lock",
			);
			name = "[CP] Check Pods Manifest.lock";
			outputFileListPaths = (
			);
			outputPaths = (
				"$(DERIVED_FILE_DIR)/Pods-mi-ios-2019-Unit-Tests-checkManifestLockResult.txt",
			);
			runOnlyForDeploymentPostprocessing = 0;
			shellPath = /bin/sh;
			shellScript = "diff \"${PODS_PODFILE_DIR_PATH}/Podfile.lock\" \"${PODS_ROOT}/Manifest.lock\" > /dev/null\nif [ $? != 0 ] ; then\n    # print error to STDERR\n    echo \"error: The sandbox is not in sync with the Podfile.lock. Run 'pod install' or update your CocoaPods installation.\" >&2\n    exit 1\nfi\n# This output is used by Xcode 'outputs' to avoid re-running this script phase.\necho \"SUCCESS\" > \"${SCRIPT_OUTPUT_FILE_0}\"\n";
			showEnvVarsInLog = 0;
		};
		3D0CCE5FE979B7D20585D02F /* [CP] Check Pods Manifest.lock */ = {
			isa = PBXShellScriptBuildPhase;
			buildActionMask = 2147483647;
			files = (
			);
			inputFileListPaths = (
			);
			inputPaths = (
				"${PODS_PODFILE_DIR_PATH}/Podfile.lock",
				"${PODS_ROOT}/Manifest.lock",
			);
			name = "[CP] Check Pods Manifest.lock";
			outputFileListPaths = (
			);
			outputPaths = (
				"$(DERIVED_FILE_DIR)/Pods-mi-ios-2019-checkManifestLockResult.txt",
			);
			runOnlyForDeploymentPostprocessing = 0;
			shellPath = /bin/sh;
			shellScript = "diff \"${PODS_PODFILE_DIR_PATH}/Podfile.lock\" \"${PODS_ROOT}/Manifest.lock\" > /dev/null\nif [ $? != 0 ] ; then\n    # print error to STDERR\n    echo \"error: The sandbox is not in sync with the Podfile.lock. Run 'pod install' or update your CocoaPods installation.\" >&2\n    exit 1\nfi\n# This output is used by Xcode 'outputs' to avoid re-running this script phase.\necho \"SUCCESS\" > \"${SCRIPT_OUTPUT_FILE_0}\"\n";
			showEnvVarsInLog = 0;
		};
		888A33D4221C938200420C3A /* Generate preprocess header */ = {
			isa = PBXShellScriptBuildPhase;
			buildActionMask = 2147483647;
			files = (
			);
			inputFileListPaths = (
			);
			inputPaths = (
			);
			name = "Generate preprocess header";
			outputFileListPaths = (
			);
			outputPaths = (
			);
			runOnlyForDeploymentPostprocessing = 0;
			shellPath = /bin/sh;
			shellScript = "# Lépe přesunout do souboru a zavolat zde jako bash script\n# Zde je to jako součást project file a blbě se to verzuje v gitu 👎 \n\nCOMMITS=`git rev-list HEAD --count`\nHEADER_FILE=\"$PROJECT_DIR/info_preprocess_header.h\"\n\necho \"// Auto-generated\" > $HEADER_FILE\necho \"\" >> $HEADER_FILE\necho \"#define BUILD_NUMBER $COMMITS\" >> $HEADER_FILE\n\ntouch $INFOPLIST_FILE\n";
			showEnvVarsInLog = 0;
		};
		888A33E0221C9EC200420C3A /* Download strings */ = {
			isa = PBXShellScriptBuildPhase;
			buildActionMask = 2147483647;
			files = (
			);
			inputFileListPaths = (
			);
			inputPaths = (
			);
			name = "Download strings";
			outputFileListPaths = (
			);
			outputPaths = (
			);
			runOnlyForDeploymentPostprocessing = 0;
			shellPath = /bin/sh;
			shellScript = "# Download from spreadsheet\n# https://docs.google.com/spreadsheets/d/1iMQP3Fe0N5IpODQyCCbjKq0kRxyY5pAvKYkd4Uhr6J0/edit?usp=sharing\n\n\"$PROJECT_DIR/Pods/ACKLocalization/Localization\" \"1vQXEwgCxAE9w9R6fyyNjh7dGyo0O_9Kf7lm6iFK5LCaDRrI6rUdQzYsq-H0F4n2ZHZPVu3C-jlmAkc3\" \"key_ios\" '{\"EN\": \"en\", \"CS\": \"cs\"}' \"$PROJECT_DIR/mi-ios-2019\" \"Localizable.strings\"\n";
			showEnvVarsInLog = 0;
		};
		888A33E4221CA39D00420C3A /* SwiftGen */ = {
			isa = PBXShellScriptBuildPhase;
			buildActionMask = 2147483647;
			files = (
			);
			inputFileListPaths = (
			);
			inputPaths = (
				"$(PROJECT_DIR)/mi-ios-2019/en.lproj/Localizable.strings",
			);
			name = SwiftGen;
			outputFileListPaths = (
			);
			outputPaths = (
				"$(PROJECT_DIR)/mi-ios-2019/Generated/Strings.swift",
			);
			runOnlyForDeploymentPostprocessing = 0;
			shellPath = /bin/sh;
			shellScript = "export PATH=\"${PODS_ROOT}/SwiftGen/bin:$PATH\"\n\nswiftgen strings -t structured-swift4 ${SCRIPT_INPUT_FILE_0} -o ${SCRIPT_OUTPUT_FILE_0}\n";
			showEnvVarsInLog = 0;
		};
/* End PBXShellScriptBuildPhase section */

/* Begin PBXSourcesBuildPhase section */
		887BDFA5221C672C008C37A4 /* Sources */ = {
			isa = PBXSourcesBuildPhase;
			buildActionMask = 2147483647;
			files = (
				A30023C92241198C007777C9 /* AppDependency+Factories.swift in Sources */,
				887BDFAF221C672C008C37A4 /* ViewController.swift in Sources */,
				A30023C52240F984007777C9 /* UIViewController+ValidationError.swift in Sources */,
				A30023C02240F0C5007777C9 /* RegistrationViewModel.swift in Sources */,
				B4266CA12237DC8800A7722B /* LoginViewController.swift in Sources */,
				888A33E3221CA33000420C3A /* Strings.swift in Sources */,
				A380116122416C8200CDD0DA /* LoginError.swift in Sources */,
				69E563872225B61400132447 /* CarKind.swift in Sources */,
				69E563962225EC3E00132447 /* Playground.swift in Sources */,
				B4266CAC223815A400A7722B /* LogoutViewController.swift in Sources */,
				69E563902225D4BD00132447 /* Animal.swift in Sources */,
				B4266CA62237FC0400A7722B /* User.swift in Sources */,
				69E563942225D8D900132447 /* PickerHandler.swift in Sources */,
				A30023C32240F0F2007777C9 /* Validations.swift in Sources */,
				B4266CB0223833C200A7722B /* Base.swift in Sources */,
				A30023BC2240ECC4007777C9 /* PasswordEditViewController.swift in Sources */,
				69E5638C2225B92B00132447 /* KnownManufacturer.swift in Sources */,
				B4266CA42237F83800A7722B /* LoginViewModel.swift in Sources */,
				69E5638E2225C20600132447 /* AlmostEquatable.swift in Sources */,
				B4266CAE223817C200A7722B /* LogoutViewModel.swift in Sources */,
				B4266CA82238027C00A7722B /* Reactive+TextField.swift in Sources */,
				69E563842225ACBE00132447 /* PickerViewController.swift in Sources */,
				A30023C72241149B007777C9 /* AppDependency.swift in Sources */,
				69E5638A2225B78000132447 /* UIAlertActionExtensions.swift in Sources */,
				A30023C12240F0C5007777C9 /* PasswordEditViewModel.swift in Sources */,
				A30023BD2240ECC4007777C9 /* RegistrationViewController.swift in Sources */,
				B4266CAA22380DC100A7722B /* UserRepository.swift in Sources */,
				887BDFAD221C672C008C37A4 /* AppDelegate.swift in Sources */,
			);
			runOnlyForDeploymentPostprocessing = 0;
		};
		A3801146224168C200CDD0DA /* Sources */ = {
			isa = PBXSourcesBuildPhase;
			buildActionMask = 2147483647;
			files = (
				A380115C22416BA200CDD0DA /* RegistrationViewModel.swift in Sources */,
				A380115922416AFC00CDD0DA /* EmailValidatorTests.swift in Sources */,
				A3801157224169BF00CDD0DA /* Validations.swift in Sources */,
				A380115E22416C5400CDD0DA /* UserRepository.swift in Sources */,
				A380115F22416C5C00CDD0DA /* User.swift in Sources */,
				A380115D22416C2D00CDD0DA /* PasswordEditViewModel.swift in Sources */,
				A380116422416D5100CDD0DA /* TestDependency.swift in Sources */,
				A380115B22416B8700CDD0DA /* RegistrationViewModelTests.swift in Sources */,
				A38011562241699A00CDD0DA /* PhoneValidatorTests.swift in Sources */,
				A380116222416C9000CDD0DA /* LoginError.swift in Sources */,
			);
			runOnlyForDeploymentPostprocessing = 0;
		};
/* End PBXSourcesBuildPhase section */

/* Begin PBXTargetDependency section */
		A3801150224168C300CDD0DA /* PBXTargetDependency */ = {
			isa = PBXTargetDependency;
			target = 887BDFA8221C672C008C37A4 /* mi-ios-2019 */;
			targetProxy = A380114F224168C300CDD0DA /* PBXContainerItemProxy */;
		};
/* End PBXTargetDependency section */

/* Begin PBXVariantGroup section */
		887BDFB0221C672C008C37A4 /* Main.storyboard */ = {
			isa = PBXVariantGroup;
			children = (
				887BDFB1221C672C008C37A4 /* Base */,
			);
			name = Main.storyboard;
			sourceTree = "<group>";
		};
		887BDFB5221C672D008C37A4 /* LaunchScreen.storyboard */ = {
			isa = PBXVariantGroup;
			children = (
				887BDFB6221C672D008C37A4 /* Base */,
			);
			name = LaunchScreen.storyboard;
			sourceTree = "<group>";
		};
		888A33D9221C972C00420C3A /* Localizable.strings */ = {
			isa = PBXVariantGroup;
			children = (
				888A33D8221C972C00420C3A /* en */,
				888A33DA221C973F00420C3A /* cs */,
			);
			name = Localizable.strings;
			sourceTree = "<group>";
		};
/* End PBXVariantGroup section */

/* Begin XCBuildConfiguration section */
		887BDFB9221C672D008C37A4 /* Debug */ = {
			isa = XCBuildConfiguration;
			buildSettings = {
				ALWAYS_SEARCH_USER_PATHS = NO;
				APP_VERSION = 1.0.0;
				CLANG_ANALYZER_LOCALIZABILITY_NONLOCALIZED = YES;
				CLANG_ANALYZER_NONNULL = YES;
				CLANG_ANALYZER_NUMBER_OBJECT_CONVERSION = YES_AGGRESSIVE;
				CLANG_CXX_LANGUAGE_STANDARD = "gnu++14";
				CLANG_CXX_LIBRARY = "libc++";
				CLANG_ENABLE_MODULES = YES;
				CLANG_ENABLE_OBJC_ARC = YES;
				CLANG_ENABLE_OBJC_WEAK = YES;
				CLANG_WARN_BLOCK_CAPTURE_AUTORELEASING = YES;
				CLANG_WARN_BOOL_CONVERSION = YES;
				CLANG_WARN_COMMA = YES;
				CLANG_WARN_CONSTANT_CONVERSION = YES;
				CLANG_WARN_DEPRECATED_OBJC_IMPLEMENTATIONS = YES;
				CLANG_WARN_DIRECT_OBJC_ISA_USAGE = YES_ERROR;
				CLANG_WARN_DOCUMENTATION_COMMENTS = YES;
				CLANG_WARN_EMPTY_BODY = YES;
				CLANG_WARN_ENUM_CONVERSION = YES;
				CLANG_WARN_INFINITE_RECURSION = YES;
				CLANG_WARN_INT_CONVERSION = YES;
				CLANG_WARN_NON_LITERAL_NULL_CONVERSION = YES;
				CLANG_WARN_OBJC_IMPLICIT_RETAIN_SELF = YES;
				CLANG_WARN_OBJC_LITERAL_CONVERSION = YES;
				CLANG_WARN_OBJC_ROOT_CLASS = YES_ERROR;
				CLANG_WARN_RANGE_LOOP_ANALYSIS = YES;
				CLANG_WARN_STRICT_PROTOTYPES = YES;
				CLANG_WARN_SUSPICIOUS_MOVE = YES;
				CLANG_WARN_UNGUARDED_AVAILABILITY = YES_AGGRESSIVE;
				CLANG_WARN_UNREACHABLE_CODE = YES;
				CLANG_WARN__DUPLICATE_METHOD_MATCH = YES;
				CODE_SIGN_IDENTITY = "iPhone Developer";
				COPY_PHASE_STRIP = NO;
				DEBUG_INFORMATION_FORMAT = dwarf;
				ENABLE_STRICT_OBJC_MSGSEND = YES;
				ENABLE_TESTABILITY = YES;
				GCC_C_LANGUAGE_STANDARD = gnu11;
				GCC_DYNAMIC_NO_PIC = NO;
				GCC_NO_COMMON_BLOCKS = YES;
				GCC_OPTIMIZATION_LEVEL = 0;
				GCC_PREPROCESSOR_DEFINITIONS = (
					"DEBUG=1",
					"$(inherited)",
				);
				GCC_WARN_64_TO_32_BIT_CONVERSION = YES;
				GCC_WARN_ABOUT_RETURN_TYPE = YES_ERROR;
				GCC_WARN_UNDECLARED_SELECTOR = YES;
				GCC_WARN_UNINITIALIZED_AUTOS = YES_AGGRESSIVE;
				GCC_WARN_UNUSED_FUNCTION = YES;
				GCC_WARN_UNUSED_VARIABLE = YES;
				IPHONEOS_DEPLOYMENT_TARGET = 12.1;
				MTL_ENABLE_DEBUG_INFO = INCLUDE_SOURCE;
				MTL_FAST_MATH = YES;
				ONLY_ACTIVE_ARCH = YES;
				SDKROOT = iphoneos;
				SWIFT_ACTIVE_COMPILATION_CONDITIONS = DEBUG;
				SWIFT_OPTIMIZATION_LEVEL = "-Onone";
			};
			name = Debug;
		};
		887BDFBA221C672D008C37A4 /* Release */ = {
			isa = XCBuildConfiguration;
			buildSettings = {
				ALWAYS_SEARCH_USER_PATHS = NO;
				APP_VERSION = 1.0.0;
				CLANG_ANALYZER_LOCALIZABILITY_NONLOCALIZED = YES;
				CLANG_ANALYZER_NONNULL = YES;
				CLANG_ANALYZER_NUMBER_OBJECT_CONVERSION = YES_AGGRESSIVE;
				CLANG_CXX_LANGUAGE_STANDARD = "gnu++14";
				CLANG_CXX_LIBRARY = "libc++";
				CLANG_ENABLE_MODULES = YES;
				CLANG_ENABLE_OBJC_ARC = YES;
				CLANG_ENABLE_OBJC_WEAK = YES;
				CLANG_WARN_BLOCK_CAPTURE_AUTORELEASING = YES;
				CLANG_WARN_BOOL_CONVERSION = YES;
				CLANG_WARN_COMMA = YES;
				CLANG_WARN_CONSTANT_CONVERSION = YES;
				CLANG_WARN_DEPRECATED_OBJC_IMPLEMENTATIONS = YES;
				CLANG_WARN_DIRECT_OBJC_ISA_USAGE = YES_ERROR;
				CLANG_WARN_DOCUMENTATION_COMMENTS = YES;
				CLANG_WARN_EMPTY_BODY = YES;
				CLANG_WARN_ENUM_CONVERSION = YES;
				CLANG_WARN_INFINITE_RECURSION = YES;
				CLANG_WARN_INT_CONVERSION = YES;
				CLANG_WARN_NON_LITERAL_NULL_CONVERSION = YES;
				CLANG_WARN_OBJC_IMPLICIT_RETAIN_SELF = YES;
				CLANG_WARN_OBJC_LITERAL_CONVERSION = YES;
				CLANG_WARN_OBJC_ROOT_CLASS = YES_ERROR;
				CLANG_WARN_RANGE_LOOP_ANALYSIS = YES;
				CLANG_WARN_STRICT_PROTOTYPES = YES;
				CLANG_WARN_SUSPICIOUS_MOVE = YES;
				CLANG_WARN_UNGUARDED_AVAILABILITY = YES_AGGRESSIVE;
				CLANG_WARN_UNREACHABLE_CODE = YES;
				CLANG_WARN__DUPLICATE_METHOD_MATCH = YES;
				CODE_SIGN_IDENTITY = "iPhone Developer";
				COPY_PHASE_STRIP = NO;
				DEBUG_INFORMATION_FORMAT = "dwarf-with-dsym";
				ENABLE_NS_ASSERTIONS = NO;
				ENABLE_STRICT_OBJC_MSGSEND = YES;
				GCC_C_LANGUAGE_STANDARD = gnu11;
				GCC_NO_COMMON_BLOCKS = YES;
				GCC_WARN_64_TO_32_BIT_CONVERSION = YES;
				GCC_WARN_ABOUT_RETURN_TYPE = YES_ERROR;
				GCC_WARN_UNDECLARED_SELECTOR = YES;
				GCC_WARN_UNINITIALIZED_AUTOS = YES_AGGRESSIVE;
				GCC_WARN_UNUSED_FUNCTION = YES;
				GCC_WARN_UNUSED_VARIABLE = YES;
				IPHONEOS_DEPLOYMENT_TARGET = 12.1;
				MTL_ENABLE_DEBUG_INFO = NO;
				MTL_FAST_MATH = YES;
				SDKROOT = iphoneos;
				SWIFT_COMPILATION_MODE = wholemodule;
				SWIFT_OPTIMIZATION_LEVEL = "-O";
				VALIDATE_PRODUCT = YES;
			};
			name = Release;
		};
		887BDFBC221C672D008C37A4 /* Debug */ = {
			isa = XCBuildConfiguration;
			baseConfigurationReference = 4BA6B2BF11B86034C99864EF /* Pods-mi-ios-2019.debug.xcconfig */;
			buildSettings = {
				ASSETCATALOG_COMPILER_APPICON_NAME = AppIcon;
				CODE_SIGN_STYLE = Manual;
				DEVELOPMENT_TEAM = "";
				INFOPLIST_FILE = "mi-ios-2019/Info.plist";
				INFOPLIST_PREFIX_HEADER = "$(PROJECT_DIR)/info_preprocess_header.h";
				INFOPLIST_PREPROCESS = YES;
				LD_RUNPATH_SEARCH_PATHS = (
					"$(inherited)",
					"@executable_path/Frameworks",
				);
				PRODUCT_BUNDLE_IDENTIFIER = "cz.cvut.mi-ios.dev";
				PRODUCT_NAME = "$(TARGET_NAME)";
				PROVISIONING_PROFILE_SPECIFIER = "";
				SWIFT_VERSION = 4.2;
				TARGETED_DEVICE_FAMILY = "1,2";
			};
			name = Debug;
		};
		887BDFBD221C672D008C37A4 /* Release */ = {
			isa = XCBuildConfiguration;
			baseConfigurationReference = 6D1473B44E24DD0A17289E5A /* Pods-mi-ios-2019.release.xcconfig */;
			buildSettings = {
				ASSETCATALOG_COMPILER_APPICON_NAME = AppIcon;
				CODE_SIGN_STYLE = Manual;
				DEVELOPMENT_TEAM = "";
				INFOPLIST_FILE = "mi-ios-2019/Info.plist";
				INFOPLIST_PREFIX_HEADER = "$(PROJECT_DIR)/info_preprocess_header.h";
				INFOPLIST_PREPROCESS = YES;
				LD_RUNPATH_SEARCH_PATHS = (
					"$(inherited)",
					"@executable_path/Frameworks",
				);
				PRODUCT_BUNDLE_IDENTIFIER = "cz.cvut.mi-ios";
				PRODUCT_NAME = "$(TARGET_NAME)";
				PROVISIONING_PROFILE_SPECIFIER = "";
				SWIFT_VERSION = 4.2;
				TARGETED_DEVICE_FAMILY = "1,2";
			};
			name = Release;
		};
		888A33D1221C89CE00420C3A /* AdHoc */ = {
			isa = XCBuildConfiguration;
			buildSettings = {
				ALWAYS_SEARCH_USER_PATHS = NO;
				APP_VERSION = 1.0.0;
				CLANG_ANALYZER_LOCALIZABILITY_NONLOCALIZED = YES;
				CLANG_ANALYZER_NONNULL = YES;
				CLANG_ANALYZER_NUMBER_OBJECT_CONVERSION = YES_AGGRESSIVE;
				CLANG_CXX_LANGUAGE_STANDARD = "gnu++14";
				CLANG_CXX_LIBRARY = "libc++";
				CLANG_ENABLE_MODULES = YES;
				CLANG_ENABLE_OBJC_ARC = YES;
				CLANG_ENABLE_OBJC_WEAK = YES;
				CLANG_WARN_BLOCK_CAPTURE_AUTORELEASING = YES;
				CLANG_WARN_BOOL_CONVERSION = YES;
				CLANG_WARN_COMMA = YES;
				CLANG_WARN_CONSTANT_CONVERSION = YES;
				CLANG_WARN_DEPRECATED_OBJC_IMPLEMENTATIONS = YES;
				CLANG_WARN_DIRECT_OBJC_ISA_USAGE = YES_ERROR;
				CLANG_WARN_DOCUMENTATION_COMMENTS = YES;
				CLANG_WARN_EMPTY_BODY = YES;
				CLANG_WARN_ENUM_CONVERSION = YES;
				CLANG_WARN_INFINITE_RECURSION = YES;
				CLANG_WARN_INT_CONVERSION = YES;
				CLANG_WARN_NON_LITERAL_NULL_CONVERSION = YES;
				CLANG_WARN_OBJC_IMPLICIT_RETAIN_SELF = YES;
				CLANG_WARN_OBJC_LITERAL_CONVERSION = YES;
				CLANG_WARN_OBJC_ROOT_CLASS = YES_ERROR;
				CLANG_WARN_RANGE_LOOP_ANALYSIS = YES;
				CLANG_WARN_STRICT_PROTOTYPES = YES;
				CLANG_WARN_SUSPICIOUS_MOVE = YES;
				CLANG_WARN_UNGUARDED_AVAILABILITY = YES_AGGRESSIVE;
				CLANG_WARN_UNREACHABLE_CODE = YES;
				CLANG_WARN__DUPLICATE_METHOD_MATCH = YES;
				CODE_SIGN_IDENTITY = "iPhone Developer";
				COPY_PHASE_STRIP = NO;
				DEBUG_INFORMATION_FORMAT = "dwarf-with-dsym";
				ENABLE_NS_ASSERTIONS = NO;
				ENABLE_STRICT_OBJC_MSGSEND = YES;
				GCC_C_LANGUAGE_STANDARD = gnu11;
				GCC_NO_COMMON_BLOCKS = YES;
				GCC_WARN_64_TO_32_BIT_CONVERSION = YES;
				GCC_WARN_ABOUT_RETURN_TYPE = YES_ERROR;
				GCC_WARN_UNDECLARED_SELECTOR = YES;
				GCC_WARN_UNINITIALIZED_AUTOS = YES_AGGRESSIVE;
				GCC_WARN_UNUSED_FUNCTION = YES;
				GCC_WARN_UNUSED_VARIABLE = YES;
				IPHONEOS_DEPLOYMENT_TARGET = 12.1;
				MTL_ENABLE_DEBUG_INFO = NO;
				MTL_FAST_MATH = YES;
				SDKROOT = iphoneos;
				SWIFT_COMPILATION_MODE = wholemodule;
				SWIFT_OPTIMIZATION_LEVEL = "-O";
				VALIDATE_PRODUCT = YES;
			};
			name = AdHoc;
		};
		888A33D2221C89CE00420C3A /* AdHoc */ = {
			isa = XCBuildConfiguration;
			baseConfigurationReference = AAA5668B71824F04B9618A0D /* Pods-mi-ios-2019.adhoc.xcconfig */;
			buildSettings = {
				ASSETCATALOG_COMPILER_APPICON_NAME = AppIcon;
				CODE_SIGN_STYLE = Manual;
				DEVELOPMENT_TEAM = "";
				INFOPLIST_FILE = "mi-ios-2019/Info.plist";
				INFOPLIST_PREFIX_HEADER = "$(PROJECT_DIR)/info_preprocess_header.h";
				INFOPLIST_PREPROCESS = YES;
				LD_RUNPATH_SEARCH_PATHS = (
					"$(inherited)",
					"@executable_path/Frameworks",
				);
				PRODUCT_BUNDLE_IDENTIFIER = "cz.cvut.mi-ios.beta";
				PRODUCT_NAME = "$(TARGET_NAME)";
				PROVISIONING_PROFILE_SPECIFIER = "";
				SWIFT_VERSION = 4.2;
				TARGETED_DEVICE_FAMILY = "1,2";
			};
			name = AdHoc;
		};
		888A33DC221C9EB100420C3A /* Debug */ = {
			isa = XCBuildConfiguration;
			buildSettings = {
				CODE_SIGN_STYLE = Automatic;
				PRODUCT_NAME = "$(TARGET_NAME)";
			};
			name = Debug;
		};
		888A33DD221C9EB100420C3A /* Release */ = {
			isa = XCBuildConfiguration;
			buildSettings = {
				CODE_SIGN_STYLE = Automatic;
				PRODUCT_NAME = "$(TARGET_NAME)";
			};
			name = Release;
		};
		888A33DE221C9EB100420C3A /* AdHoc */ = {
			isa = XCBuildConfiguration;
			buildSettings = {
				CODE_SIGN_STYLE = Automatic;
				PRODUCT_NAME = "$(TARGET_NAME)";
			};
			name = AdHoc;
		};
		A3801151224168C300CDD0DA /* Debug */ = {
			isa = XCBuildConfiguration;
			baseConfigurationReference = 99A3C458492BB65632BC1743 /* Pods-mi-ios-2019-Unit-Tests.debug.xcconfig */;
			buildSettings = {
				BUNDLE_LOADER = "$(TEST_HOST)";
				CODE_SIGN_STYLE = Automatic;
				DEVELOPMENT_TEAM = PXDF48X6VX;
				INFOPLIST_FILE = "mi-ios-2019-Unit-Tests/Info.plist";
				LD_RUNPATH_SEARCH_PATHS = (
					"$(inherited)",
					"@executable_path/Frameworks",
					"@loader_path/Frameworks",
				);
				PRODUCT_BUNDLE_IDENTIFIER = "cz.ackee.enterprise.mi-ios-2019-Unit-Tests";
				PRODUCT_NAME = "$(TARGET_NAME)";
				SWIFT_VERSION = 4.2;
				TARGETED_DEVICE_FAMILY = "1,2";
				TEST_HOST = "$(BUILT_PRODUCTS_DIR)/mi-ios-2019.app/mi-ios-2019";
			};
			name = Debug;
		};
		A3801152224168C300CDD0DA /* Release */ = {
			isa = XCBuildConfiguration;
			baseConfigurationReference = BD2B32B90FD9B657BD0582D6 /* Pods-mi-ios-2019-Unit-Tests.release.xcconfig */;
			buildSettings = {
				BUNDLE_LOADER = "$(TEST_HOST)";
				CODE_SIGN_STYLE = Automatic;
				DEVELOPMENT_TEAM = PXDF48X6VX;
				INFOPLIST_FILE = "mi-ios-2019-Unit-Tests/Info.plist";
				LD_RUNPATH_SEARCH_PATHS = (
					"$(inherited)",
					"@executable_path/Frameworks",
					"@loader_path/Frameworks",
				);
				PRODUCT_BUNDLE_IDENTIFIER = "cz.ackee.enterprise.mi-ios-2019-Unit-Tests";
				PRODUCT_NAME = "$(TARGET_NAME)";
				SWIFT_VERSION = 4.2;
				TARGETED_DEVICE_FAMILY = "1,2";
				TEST_HOST = "$(BUILT_PRODUCTS_DIR)/mi-ios-2019.app/mi-ios-2019";
			};
			name = Release;
		};
		A3801153224168C300CDD0DA /* AdHoc */ = {
			isa = XCBuildConfiguration;
			baseConfigurationReference = B44610490FD5D36EFD3C6E5A /* Pods-mi-ios-2019-Unit-Tests.adhoc.xcconfig */;
			buildSettings = {
				BUNDLE_LOADER = "$(TEST_HOST)";
				CODE_SIGN_STYLE = Automatic;
				DEVELOPMENT_TEAM = PXDF48X6VX;
				INFOPLIST_FILE = "mi-ios-2019-Unit-Tests/Info.plist";
				LD_RUNPATH_SEARCH_PATHS = (
					"$(inherited)",
					"@executable_path/Frameworks",
					"@loader_path/Frameworks",
				);
				PRODUCT_BUNDLE_IDENTIFIER = "cz.ackee.enterprise.mi-ios-2019-Unit-Tests";
				PRODUCT_NAME = "$(TARGET_NAME)";
				SWIFT_VERSION = 4.2;
				TARGETED_DEVICE_FAMILY = "1,2";
				TEST_HOST = "$(BUILT_PRODUCTS_DIR)/mi-ios-2019.app/mi-ios-2019";
			};
			name = AdHoc;
		};
/* End XCBuildConfiguration section */

/* Begin XCConfigurationList section */
		887BDFA4221C672C008C37A4 /* Build configuration list for PBXProject "mi-ios-2019" */ = {
			isa = XCConfigurationList;
			buildConfigurations = (
				887BDFB9221C672D008C37A4 /* Debug */,
				887BDFBA221C672D008C37A4 /* Release */,
				888A33D1221C89CE00420C3A /* AdHoc */,
			);
			defaultConfigurationIsVisible = 0;
			defaultConfigurationName = Release;
		};
		887BDFBB221C672D008C37A4 /* Build configuration list for PBXNativeTarget "mi-ios-2019" */ = {
			isa = XCConfigurationList;
			buildConfigurations = (
				887BDFBC221C672D008C37A4 /* Debug */,
				887BDFBD221C672D008C37A4 /* Release */,
				888A33D2221C89CE00420C3A /* AdHoc */,
			);
			defaultConfigurationIsVisible = 0;
			defaultConfigurationName = Release;
		};
		888A33DF221C9EB100420C3A /* Build configuration list for PBXAggregateTarget "Localization" */ = {
			isa = XCConfigurationList;
			buildConfigurations = (
				888A33DC221C9EB100420C3A /* Debug */,
				888A33DD221C9EB100420C3A /* Release */,
				888A33DE221C9EB100420C3A /* AdHoc */,
			);
			defaultConfigurationIsVisible = 0;
			defaultConfigurationName = Release;
		};
		A3801154224168C300CDD0DA /* Build configuration list for PBXNativeTarget "mi-ios-2019-Unit-Tests" */ = {
			isa = XCConfigurationList;
			buildConfigurations = (
				A3801151224168C300CDD0DA /* Debug */,
				A3801152224168C300CDD0DA /* Release */,
				A3801153224168C300CDD0DA /* AdHoc */,
			);
			defaultConfigurationIsVisible = 0;
			defaultConfigurationName = Release;
		};
/* End XCConfigurationList section */
	};
	rootObject = 887BDFA1221C672C008C37A4 /* Project object */;
}
