// !$*UTF8*$!
{
	archiveVersion = 1;
	classes = {
	};
	objectVersion = 51;
	objects = {

/* Begin PBXAggregateTarget section */
		888A33DB221C9EB100420C3A /* Localization */ = {
			isa = PBXAggregateTarget;
			buildConfigurationList = 888A33DF221C9EB100420C3A /* Build configuration list for PBXAggregateTarget "Localization" */;
			buildPhases = (
				888A33E0221C9EC200420C3A /* Download strings */,
			);
			dependencies = (
			);
			name = Localization;
			productName = Localization;
		};
/* End PBXAggregateTarget section */

/* Begin PBXBuildFile section */
		69E563842225ACBE00132447 /* CarPickerViewController.swift in Sources */ = {isa = PBXBuildFile; fileRef = 69E563832225ACBE00132447 /* CarPickerViewController.swift */; };
		69E563872225B61400132447 /* CarKind.swift in Sources */ = {isa = PBXBuildFile; fileRef = 69E563862225B61400132447 /* CarKind.swift */; };
		69E5638A2225B78000132447 /* UIAlertActionExtensions.swift in Sources */ = {isa = PBXBuildFile; fileRef = 69E563892225B78000132447 /* UIAlertActionExtensions.swift */; };
		69E5638C2225B92B00132447 /* KnownManufacturer.swift in Sources */ = {isa = PBXBuildFile; fileRef = 69E5638B2225B92B00132447 /* KnownManufacturer.swift */; };
		887BDFAD221C672C008C37A4 /* AppDelegate.swift in Sources */ = {isa = PBXBuildFile; fileRef = 887BDFAC221C672C008C37A4 /* AppDelegate.swift */; };
		887BDFAF221C672C008C37A4 /* ViewController.swift in Sources */ = {isa = PBXBuildFile; fileRef = 887BDFAE221C672C008C37A4 /* ViewController.swift */; };
		887BDFB2221C672C008C37A4 /* Main.storyboard in Resources */ = {isa = PBXBuildFile; fileRef = 887BDFB0221C672C008C37A4 /* Main.storyboard */; };
		887BDFB4221C672D008C37A4 /* Assets.xcassets in Resources */ = {isa = PBXBuildFile; fileRef = 887BDFB3221C672D008C37A4 /* Assets.xcassets */; };
		887BDFB7221C672D008C37A4 /* LaunchScreen.storyboard in Resources */ = {isa = PBXBuildFile; fileRef = 887BDFB5221C672D008C37A4 /* LaunchScreen.storyboard */; };
		888A33D7221C972C00420C3A /* Localizable.strings in Resources */ = {isa = PBXBuildFile; fileRef = 888A33D9221C972C00420C3A /* Localizable.strings */; };
		888A33E3221CA33000420C3A /* Strings.swift in Sources */ = {isa = PBXBuildFile; fileRef = 888A33E2221CA33000420C3A /* Strings.swift */; };
		B5F551874FA33172116FF089 /* Pods_mi_ios_2019.framework in Frameworks */ = {isa = PBXBuildFile; fileRef = 9AFC1CB71F3F3E687778A233 /* Pods_mi_ios_2019.framework */; };
/* End PBXBuildFile section */

/* Begin PBXFileReference section */
		4BA6B2BF11B86034C99864EF /* Pods-mi-ios-2019.debug.xcconfig */ = {isa = PBXFileReference; includeInIndex = 1; lastKnownFileType = text.xcconfig; name = "Pods-mi-ios-2019.debug.xcconfig"; path = "Target Support Files/Pods-mi-ios-2019/Pods-mi-ios-2019.debug.xcconfig"; sourceTree = "<group>"; };
		69E563832225ACBE00132447 /* CarPickerViewController.swift */ = {isa = PBXFileReference; lastKnownFileType = sourcecode.swift; path = CarPickerViewController.swift; sourceTree = "<group>"; };
		69E563862225B61400132447 /* CarKind.swift */ = {isa = PBXFileReference; lastKnownFileType = sourcecode.swift; path = CarKind.swift; sourceTree = "<group>"; };
		69E563892225B78000132447 /* UIAlertActionExtensions.swift */ = {isa = PBXFileReference; lastKnownFileType = sourcecode.swift; path = UIAlertActionExtensions.swift; sourceTree = "<group>"; };
		69E5638B2225B92B00132447 /* KnownManufacturer.swift */ = {isa = PBXFileReference; lastKnownFileType = sourcecode.swift; path = KnownManufacturer.swift; sourceTree = "<group>"; };
		6D1473B44E24DD0A17289E5A /* Pods-mi-ios-2019.release.xcconfig */ = {isa = PBXFileReference; includeInIndex = 1; lastKnownFileType = text.xcconfig; name = "Pods-mi-ios-2019.release.xcconfig"; path = "Target Support Files/Pods-mi-ios-2019/Pods-mi-ios-2019.release.xcconfig"; sourceTree = "<group>"; };
		887BDFA9221C672C008C37A4 /* mi-ios-2019.app */ = {isa = PBXFileReference; explicitFileType = wrapper.application; includeInIndex = 0; path = "mi-ios-2019.app"; sourceTree = BUILT_PRODUCTS_DIR; };
		887BDFAC221C672C008C37A4 /* AppDelegate.swift */ = {isa = PBXFileReference; lastKnownFileType = sourcecode.swift; path = AppDelegate.swift; sourceTree = "<group>"; };
		887BDFAE221C672C008C37A4 /* ViewController.swift */ = {isa = PBXFileReference; lastKnownFileType = sourcecode.swift; path = ViewController.swift; sourceTree = "<group>"; };
		887BDFB1221C672C008C37A4 /* Base */ = {isa = PBXFileReference; lastKnownFileType = file.storyboard; name = Base; path = Base.lproj/Main.storyboard; sourceTree = "<group>"; };
		887BDFB3221C672D008C37A4 /* Assets.xcassets */ = {isa = PBXFileReference; lastKnownFileType = folder.assetcatalog; path = Assets.xcassets; sourceTree = "<group>"; };
		887BDFB6221C672D008C37A4 /* Base */ = {isa = PBXFileReference; lastKnownFileType = file.storyboard; name = Base; path = Base.lproj/LaunchScreen.storyboard; sourceTree = "<group>"; };
		887BDFB8221C672D008C37A4 /* Info.plist */ = {isa = PBXFileReference; lastKnownFileType = text.plist.xml; path = Info.plist; sourceTree = "<group>"; };
		888A33D8221C972C00420C3A /* en */ = {isa = PBXFileReference; lastKnownFileType = text.plist.strings; name = en; path = en.lproj/Localizable.strings; sourceTree = "<group>"; };
		888A33DA221C973F00420C3A /* cs */ = {isa = PBXFileReference; lastKnownFileType = text.plist.strings; name = cs; path = cs.lproj/Localizable.strings; sourceTree = "<group>"; };
		888A33E2221CA33000420C3A /* Strings.swift */ = {isa = PBXFileReference; fileEncoding = 4; lastKnownFileType = sourcecode.swift; path = Strings.swift; sourceTree = "<group>"; };
		9AFC1CB71F3F3E687778A233 /* Pods_mi_ios_2019.framework */ = {isa = PBXFileReference; explicitFileType = wrapper.framework; includeInIndex = 0; path = Pods_mi_ios_2019.framework; sourceTree = BUILT_PRODUCTS_DIR; };
		AAA5668B71824F04B9618A0D /* Pods-mi-ios-2019.adhoc.xcconfig */ = {isa = PBXFileReference; includeInIndex = 1; lastKnownFileType = text.xcconfig; name = "Pods-mi-ios-2019.adhoc.xcconfig"; path = "Target Support Files/Pods-mi-ios-2019/Pods-mi-ios-2019.adhoc.xcconfig"; sourceTree = "<group>"; };
/* End PBXFileReference section */

/* Begin PBXFrameworksBuildPhase section */
		887BDFA6221C672C008C37A4 /* Frameworks */ = {
			isa = PBXFrameworksBuildPhase;
			buildActionMask = 2147483647;
			files = (
				B5F551874FA33172116FF089 /* Pods_mi_ios_2019.framework in Frameworks */,
			);
			runOnlyForDeploymentPostprocessing = 0;
		};
/* End PBXFrameworksBuildPhase section */

/* Begin PBXGroup section */
		11DDA58B3D04E1B0908875F1 /* Pods */ = {
			isa = PBXGroup;
			children = (
				4BA6B2BF11B86034C99864EF /* Pods-mi-ios-2019.debug.xcconfig */,
				6D1473B44E24DD0A17289E5A /* Pods-mi-ios-2019.release.xcconfig */,
				AAA5668B71824F04B9618A0D /* Pods-mi-ios-2019.adhoc.xcconfig */,
			);
			path = Pods;
			sourceTree = "<group>";
		};
		69E563852225B5E900132447 /* Model */ = {
			isa = PBXGroup;
			children = (
				69E563862225B61400132447 /* CarKind.swift */,
				69E5638B2225B92B00132447 /* KnownManufacturer.swift */,
			);
			path = Model;
			sourceTree = "<group>";
		};
		69E563882225B77000132447 /* Extensions */ = {
			isa = PBXGroup;
			children = (
				69E563892225B78000132447 /* UIAlertActionExtensions.swift */,
			);
			path = Extensions;
			sourceTree = "<group>";
		};
		887BDFA0221C672C008C37A4 = {
			isa = PBXGroup;
			children = (
				887BDFAB221C672C008C37A4 /* mi-ios-2019 */,
				887BDFAA221C672C008C37A4 /* Products */,
				11DDA58B3D04E1B0908875F1 /* Pods */,
				B2DF619E97AC5AA7500897BF /* Frameworks */,
			);
			sourceTree = "<group>";
		};
		887BDFAA221C672C008C37A4 /* Products */ = {
			isa = PBXGroup;
			children = (
				887BDFA9221C672C008C37A4 /* mi-ios-2019.app */,
			);
			name = Products;
			sourceTree = "<group>";
		};
		887BDFAB221C672C008C37A4 /* mi-ios-2019 */ = {
			isa = PBXGroup;
			children = (
				888A33E1221CA33000420C3A /* Generated */,
				69E563882225B77000132447 /* Extensions */,
				69E563852225B5E900132447 /* Model */,
				887BDFAC221C672C008C37A4 /* AppDelegate.swift */,
				887BDFAE221C672C008C37A4 /* ViewController.swift */,
				69E563832225ACBE00132447 /* CarPickerViewController.swift */,
				887BDFB0221C672C008C37A4 /* Main.storyboard */,
				887BDFB3221C672D008C37A4 /* Assets.xcassets */,
				887BDFB5221C672D008C37A4 /* LaunchScreen.storyboard */,
				887BDFB8221C672D008C37A4 /* Info.plist */,
				888A33D9221C972C00420C3A /* Localizable.strings */,
			);
			path = "mi-ios-2019";
			sourceTree = "<group>";
		};
		888A33E1221CA33000420C3A /* Generated */ = {
			isa = PBXGroup;
			children = (
				888A33E2221CA33000420C3A /* Strings.swift */,
			);
			path = Generated;
			sourceTree = "<group>";
		};
		B2DF619E97AC5AA7500897BF /* Frameworks */ = {
			isa = PBXGroup;
			children = (
				9AFC1CB71F3F3E687778A233 /* Pods_mi_ios_2019.framework */,
			);
			name = Frameworks;
			sourceTree = "<group>";
		};
/* End PBXGroup section */

/* Begin PBXNativeTarget section */
		887BDFA8221C672C008C37A4 /* mi-ios-2019 */ = {
			isa = PBXNativeTarget;
			buildConfigurationList = 887BDFBB221C672D008C37A4 /* Build configuration list for PBXNativeTarget "mi-ios-2019" */;
			buildPhases = (
				3D0CCE5FE979B7D20585D02F /* [CP] Check Pods Manifest.lock */,
				888A33D4221C938200420C3A /* Generate preprocess header */,
				888A33E4221CA39D00420C3A /* SwiftGen */,
				887BDFA5221C672C008C37A4 /* Sources */,
				887BDFA6221C672C008C37A4 /* Frameworks */,
				887BDFA7221C672C008C37A4 /* Resources */,
			);
			buildRules = (
			);
			dependencies = (
			);
			name = "mi-ios-2019";
			productName = "mi-ios-2019";
			productReference = 887BDFA9221C672C008C37A4 /* mi-ios-2019.app */;
			productType = "com.apple.product-type.application";
		};
/* End PBXNativeTarget section */

/* Begin PBXProject section */
		887BDFA1221C672C008C37A4 /* Project object */ = {
			isa = PBXProject;
			attributes = {
				LastSwiftUpdateCheck = 1010;
				LastUpgradeCheck = 1010;
				ORGANIZATIONNAME = "ČVUT";
				TargetAttributes = {
					887BDFA8221C672C008C37A4 = {
						CreatedOnToolsVersion = 10.1;
					};
					888A33DB221C9EB100420C3A = {
						CreatedOnToolsVersion = 10.1;
					};
				};
			};
			buildConfigurationList = 887BDFA4221C672C008C37A4 /* Build configuration list for PBXProject "mi-ios-2019" */;
			compatibilityVersion = "Xcode 10.0";
			developmentRegion = en;
			hasScannedForEncodings = 0;
			knownRegions = (
				en,
				Base,
				cs,
			);
			mainGroup = 887BDFA0221C672C008C37A4;
			productRefGroup = 887BDFAA221C672C008C37A4 /* Products */;
			projectDirPath = "";
			projectRoot = "";
			targets = (
				887BDFA8221C672C008C37A4 /* mi-ios-2019 */,
				888A33DB221C9EB100420C3A /* Localization */,
			);
		};
/* End PBXProject section */

/* Begin PBXResourcesBuildPhase section */
		887BDFA7221C672C008C37A4 /* Resources */ = {
			isa = PBXResourcesBuildPhase;
			buildActionMask = 2147483647;
			files = (
				887BDFB7221C672D008C37A4 /* LaunchScreen.storyboard in Resources */,
				888A33D7221C972C00420C3A /* Localizable.strings in Resources */,
				887BDFB4221C672D008C37A4 /* Assets.xcassets in Resources */,
				887BDFB2221C672C008C37A4 /* Main.storyboard in Resources */,
			);
			runOnlyForDeploymentPostprocessing = 0;
		};
/* End PBXResourcesBuildPhase section */

/* Begin PBXShellScriptBuildPhase section */
		3D0CCE5FE979B7D20585D02F /* [CP] Check Pods Manifest.lock */ = {
			isa = PBXShellScriptBuildPhase;
			buildActionMask = 2147483647;
			files = (
			);
			inputFileListPaths = (
			);
			inputPaths = (
				"${PODS_PODFILE_DIR_PATH}/Podfile.lock",
				"${PODS_ROOT}/Manifest.lock",
			);
			name = "[CP] Check Pods Manifest.lock";
			outputFileListPaths = (
			);
			outputPaths = (
				"$(DERIVED_FILE_DIR)/Pods-mi-ios-2019-checkManifestLockResult.txt",
			);
			runOnlyForDeploymentPostprocessing = 0;
			shellPath = /bin/sh;
			shellScript = "diff \"${PODS_PODFILE_DIR_PATH}/Podfile.lock\" \"${PODS_ROOT}/Manifest.lock\" > /dev/null\nif [ $? != 0 ] ; then\n    # print error to STDERR\n    echo \"error: The sandbox is not in sync with the Podfile.lock. Run 'pod install' or update your CocoaPods installation.\" >&2\n    exit 1\nfi\n# This output is used by Xcode 'outputs' to avoid re-running this script phase.\necho \"SUCCESS\" > \"${SCRIPT_OUTPUT_FILE_0}\"\n";
			showEnvVarsInLog = 0;
		};
		888A33D4221C938200420C3A /* Generate preprocess header */ = {
			isa = PBXShellScriptBuildPhase;
			buildActionMask = 2147483647;
			files = (
			);
			inputFileListPaths = (
			);
			inputPaths = (
			);
			name = "Generate preprocess header";
			outputFileListPaths = (
			);
			outputPaths = (
			);
			runOnlyForDeploymentPostprocessing = 0;
			shellPath = /bin/sh;
			shellScript = "# Lépe přesunout do souboru a zavolat zde jako bash script\n# Zde je to jako součást project file a blbě se to verzuje v gitu 👎 \n\nCOMMITS=`git rev-list HEAD --count`\nHEADER_FILE=\"$PROJECT_DIR/info_preprocess_header.h\"\n\necho \"// Auto-generated\" > $HEADER_FILE\necho \"\" >> $HEADER_FILE\necho \"#define BUILD_NUMBER $COMMITS\" >> $HEADER_FILE\n\ntouch $INFOPLIST_FILE\n";
			showEnvVarsInLog = 0;
		};
		888A33E0221C9EC200420C3A /* Download strings */ = {
			isa = PBXShellScriptBuildPhase;
			buildActionMask = 2147483647;
			files = (
			);
			inputFileListPaths = (
			);
			inputPaths = (
			);
			name = "Download strings";
			outputFileListPaths = (
			);
			outputPaths = (
			);
			runOnlyForDeploymentPostprocessing = 0;
			shellPath = /bin/sh;
			shellScript = "# Download from spreadsheet\n# https://docs.google.com/spreadsheets/d/1iMQP3Fe0N5IpODQyCCbjKq0kRxyY5pAvKYkd4Uhr6J0/edit?usp=sharing\n\n\"$PROJECT_DIR/Pods/ACKLocalization/Localization\" \"1vQXEwgCxAE9w9R6fyyNjh7dGyo0O_9Kf7lm6iFK5LCaDRrI6rUdQzYsq-H0F4n2ZHZPVu3C-jlmAkc3\" \"key_ios\" '{\"EN\": \"en\", \"CS\": \"cs\"}' \"$PROJECT_DIR/mi-ios-2019\" \"Localizable.strings\"\n";
			showEnvVarsInLog = 0;
		};
		888A33E4221CA39D00420C3A /* SwiftGen */ = {
			isa = PBXShellScriptBuildPhase;
			buildActionMask = 2147483647;
			files = (
			);
			inputFileListPaths = (
			);
			inputPaths = (
				"$(PROJECT_DIR)/mi-ios-2019/en.lproj/Localizable.strings",
			);
			name = SwiftGen;
			outputFileListPaths = (
			);
			outputPaths = (
				"$(PROJECT_DIR)/mi-ios-2019/Generated/Strings.swift",
			);
			runOnlyForDeploymentPostprocessing = 0;
			shellPath = /bin/sh;
			shellScript = "export PATH=\"${PODS_ROOT}/SwiftGen/bin:$PATH\"\n\nswiftgen strings -t structured-swift4 ${SCRIPT_INPUT_FILE_0} -o ${SCRIPT_OUTPUT_FILE_0}\n";
			showEnvVarsInLog = 0;
		};
/* End PBXShellScriptBuildPhase section */

/* Begin PBXSourcesBuildPhase section */
		887BDFA5221C672C008C37A4 /* Sources */ = {
			isa = PBXSourcesBuildPhase;
			buildActionMask = 2147483647;
			files = (
				887BDFAF221C672C008C37A4 /* ViewController.swift in Sources */,
				888A33E3221CA33000420C3A /* Strings.swift in Sources */,
				69E563872225B61400132447 /* CarKind.swift in Sources */,
				69E5638C2225B92B00132447 /* KnownManufacturer.swift in Sources */,
				69E563842225ACBE00132447 /* CarPickerViewController.swift in Sources */,
				69E5638A2225B78000132447 /* UIAlertActionExtensions.swift in Sources */,
				887BDFAD221C672C008C37A4 /* AppDelegate.swift in Sources */,
			);
			runOnlyForDeploymentPostprocessing = 0;
		};
/* End PBXSourcesBuildPhase section */

/* Begin PBXVariantGroup section */
		887BDFB0221C672C008C37A4 /* Main.storyboard */ = {
			isa = PBXVariantGroup;
			children = (
				887BDFB1221C672C008C37A4 /* Base */,
			);
			name = Main.storyboard;
			sourceTree = "<group>";
		};
		887BDFB5221C672D008C37A4 /* LaunchScreen.storyboard */ = {
			isa = PBXVariantGroup;
			children = (
				887BDFB6221C672D008C37A4 /* Base */,
			);
			name = LaunchScreen.storyboard;
			sourceTree = "<group>";
		};
		888A33D9221C972C00420C3A /* Localizable.strings */ = {
			isa = PBXVariantGroup;
			children = (
				888A33D8221C972C00420C3A /* en */,
				888A33DA221C973F00420C3A /* cs */,
			);
			name = Localizable.strings;
			sourceTree = "<group>";
		};
/* End PBXVariantGroup section */

/* Begin XCBuildConfiguration section */
		887BDFB9221C672D008C37A4 /* Debug */ = {
			isa = XCBuildConfiguration;
			buildSettings = {
				ALWAYS_SEARCH_USER_PATHS = NO;
				APP_VERSION = 1.0.0;
				CLANG_ANALYZER_LOCALIZABILITY_NONLOCALIZED = YES;
				CLANG_ANALYZER_NONNULL = YES;
				CLANG_ANALYZER_NUMBER_OBJECT_CONVERSION = YES_AGGRESSIVE;
				CLANG_CXX_LANGUAGE_STANDARD = "gnu++14";
				CLANG_CXX_LIBRARY = "libc++";
				CLANG_ENABLE_MODULES = YES;
				CLANG_ENABLE_OBJC_ARC = YES;
				CLANG_ENABLE_OBJC_WEAK = YES;
				CLANG_WARN_BLOCK_CAPTURE_AUTORELEASING = YES;
				CLANG_WARN_BOOL_CONVERSION = YES;
				CLANG_WARN_COMMA = YES;
				CLANG_WARN_CONSTANT_CONVERSION = YES;
				CLANG_WARN_DEPRECATED_OBJC_IMPLEMENTATIONS = YES;
				CLANG_WARN_DIRECT_OBJC_ISA_USAGE = YES_ERROR;
				CLANG_WARN_DOCUMENTATION_COMMENTS = YES;
				CLANG_WARN_EMPTY_BODY = YES;
				CLANG_WARN_ENUM_CONVERSION = YES;
				CLANG_WARN_INFINITE_RECURSION = YES;
				CLANG_WARN_INT_CONVERSION = YES;
				CLANG_WARN_NON_LITERAL_NULL_CONVERSION = YES;
				CLANG_WARN_OBJC_IMPLICIT_RETAIN_SELF = YES;
				CLANG_WARN_OBJC_LITERAL_CONVERSION = YES;
				CLANG_WARN_OBJC_ROOT_CLASS = YES_ERROR;
				CLANG_WARN_RANGE_LOOP_ANALYSIS = YES;
				CLANG_WARN_STRICT_PROTOTYPES = YES;
				CLANG_WARN_SUSPICIOUS_MOVE = YES;
				CLANG_WARN_UNGUARDED_AVAILABILITY = YES_AGGRESSIVE;
				CLANG_WARN_UNREACHABLE_CODE = YES;
				CLANG_WARN__DUPLICATE_METHOD_MATCH = YES;
				CODE_SIGN_IDENTITY = "iPhone Developer";
				COPY_PHASE_STRIP = NO;
				DEBUG_INFORMATION_FORMAT = dwarf;
				ENABLE_STRICT_OBJC_MSGSEND = YES;
				ENABLE_TESTABILITY = YES;
				GCC_C_LANGUAGE_STANDARD = gnu11;
				GCC_DYNAMIC_NO_PIC = NO;
				GCC_NO_COMMON_BLOCKS = YES;
				GCC_OPTIMIZATION_LEVEL = 0;
				GCC_PREPROCESSOR_DEFINITIONS = (
					"DEBUG=1",
					"$(inherited)",
				);
				GCC_WARN_64_TO_32_BIT_CONVERSION = YES;
				GCC_WARN_ABOUT_RETURN_TYPE = YES_ERROR;
				GCC_WARN_UNDECLARED_SELECTOR = YES;
				GCC_WARN_UNINITIALIZED_AUTOS = YES_AGGRESSIVE;
				GCC_WARN_UNUSED_FUNCTION = YES;
				GCC_WARN_UNUSED_VARIABLE = YES;
				IPHONEOS_DEPLOYMENT_TARGET = 12.1;
				MTL_ENABLE_DEBUG_INFO = INCLUDE_SOURCE;
				MTL_FAST_MATH = YES;
				ONLY_ACTIVE_ARCH = YES;
				SDKROOT = iphoneos;
				SWIFT_ACTIVE_COMPILATION_CONDITIONS = DEBUG;
				SWIFT_OPTIMIZATION_LEVEL = "-Onone";
			};
			name = Debug;
		};
		887BDFBA221C672D008C37A4 /* Release */ = {
			isa = XCBuildConfiguration;
			buildSettings = {
				ALWAYS_SEARCH_USER_PATHS = NO;
				APP_VERSION = 1.0.0;
				CLANG_ANALYZER_LOCALIZABILITY_NONLOCALIZED = YES;
				CLANG_ANALYZER_NONNULL = YES;
				CLANG_ANALYZER_NUMBER_OBJECT_CONVERSION = YES_AGGRESSIVE;
				CLANG_CXX_LANGUAGE_STANDARD = "gnu++14";
				CLANG_CXX_LIBRARY = "libc++";
				CLANG_ENABLE_MODULES = YES;
				CLANG_ENABLE_OBJC_ARC = YES;
				CLANG_ENABLE_OBJC_WEAK = YES;
				CLANG_WARN_BLOCK_CAPTURE_AUTORELEASING = YES;
				CLANG_WARN_BOOL_CONVERSION = YES;
				CLANG_WARN_COMMA = YES;
				CLANG_WARN_CONSTANT_CONVERSION = YES;
				CLANG_WARN_DEPRECATED_OBJC_IMPLEMENTATIONS = YES;
				CLANG_WARN_DIRECT_OBJC_ISA_USAGE = YES_ERROR;
				CLANG_WARN_DOCUMENTATION_COMMENTS = YES;
				CLANG_WARN_EMPTY_BODY = YES;
				CLANG_WARN_ENUM_CONVERSION = YES;
				CLANG_WARN_INFINITE_RECURSION = YES;
				CLANG_WARN_INT_CONVERSION = YES;
				CLANG_WARN_NON_LITERAL_NULL_CONVERSION = YES;
				CLANG_WARN_OBJC_IMPLICIT_RETAIN_SELF = YES;
				CLANG_WARN_OBJC_LITERAL_CONVERSION = YES;
				CLANG_WARN_OBJC_ROOT_CLASS = YES_ERROR;
				CLANG_WARN_RANGE_LOOP_ANALYSIS = YES;
				CLANG_WARN_STRICT_PROTOTYPES = YES;
				CLANG_WARN_SUSPICIOUS_MOVE = YES;
				CLANG_WARN_UNGUARDED_AVAILABILITY = YES_AGGRESSIVE;
				CLANG_WARN_UNREACHABLE_CODE = YES;
				CLANG_WARN__DUPLICATE_METHOD_MATCH = YES;
				CODE_SIGN_IDENTITY = "iPhone Developer";
				COPY_PHASE_STRIP = NO;
				DEBUG_INFORMATION_FORMAT = "dwarf-with-dsym";
				ENABLE_NS_ASSERTIONS = NO;
				ENABLE_STRICT_OBJC_MSGSEND = YES;
				GCC_C_LANGUAGE_STANDARD = gnu11;
				GCC_NO_COMMON_BLOCKS = YES;
				GCC_WARN_64_TO_32_BIT_CONVERSION = YES;
				GCC_WARN_ABOUT_RETURN_TYPE = YES_ERROR;
				GCC_WARN_UNDECLARED_SELECTOR = YES;
				GCC_WARN_UNINITIALIZED_AUTOS = YES_AGGRESSIVE;
				GCC_WARN_UNUSED_FUNCTION = YES;
				GCC_WARN_UNUSED_VARIABLE = YES;
				IPHONEOS_DEPLOYMENT_TARGET = 12.1;
				MTL_ENABLE_DEBUG_INFO = NO;
				MTL_FAST_MATH = YES;
				SDKROOT = iphoneos;
				SWIFT_COMPILATION_MODE = wholemodule;
				SWIFT_OPTIMIZATION_LEVEL = "-O";
				VALIDATE_PRODUCT = YES;
			};
			name = Release;
		};
		887BDFBC221C672D008C37A4 /* Debug */ = {
			isa = XCBuildConfiguration;
			baseConfigurationReference = 4BA6B2BF11B86034C99864EF /* Pods-mi-ios-2019.debug.xcconfig */;
			buildSettings = {
				ASSETCATALOG_COMPILER_APPICON_NAME = AppIcon;
				CODE_SIGN_STYLE = Manual;
				DEVELOPMENT_TEAM = "";
				INFOPLIST_FILE = "mi-ios-2019/Info.plist";
				INFOPLIST_PREFIX_HEADER = "$(PROJECT_DIR)/info_preprocess_header.h";
				INFOPLIST_PREPROCESS = YES;
				LD_RUNPATH_SEARCH_PATHS = (
					"$(inherited)",
					"@executable_path/Frameworks",
				);
				PRODUCT_BUNDLE_IDENTIFIER = "cz.cvut.mi-ios.dev";
				PRODUCT_NAME = "$(TARGET_NAME)";
				PROVISIONING_PROFILE_SPECIFIER = "";
				SWIFT_VERSION = 4.2;
				TARGETED_DEVICE_FAMILY = "1,2";
			};
			name = Debug;
		};
		887BDFBD221C672D008C37A4 /* Release */ = {
			isa = XCBuildConfiguration;
			baseConfigurationReference = 6D1473B44E24DD0A17289E5A /* Pods-mi-ios-2019.release.xcconfig */;
			buildSettings = {
				ASSETCATALOG_COMPILER_APPICON_NAME = AppIcon;
				CODE_SIGN_STYLE = Manual;
				DEVELOPMENT_TEAM = "";
				INFOPLIST_FILE = "mi-ios-2019/Info.plist";
				INFOPLIST_PREFIX_HEADER = "$(PROJECT_DIR)/info_preprocess_header.h";
				INFOPLIST_PREPROCESS = YES;
				LD_RUNPATH_SEARCH_PATHS = (
					"$(inherited)",
					"@executable_path/Frameworks",
				);
				PRODUCT_BUNDLE_IDENTIFIER = "cz.cvut.mi-ios";
				PRODUCT_NAME = "$(TARGET_NAME)";
				PROVISIONING_PROFILE_SPECIFIER = "";
				SWIFT_VERSION = 4.2;
				TARGETED_DEVICE_FAMILY = "1,2";
			};
			name = Release;
		};
		888A33D1221C89CE00420C3A /* AdHoc */ = {
			isa = XCBuildConfiguration;
			buildSettings = {
				ALWAYS_SEARCH_USER_PATHS = NO;
				APP_VERSION = 1.0.0;
				CLANG_ANALYZER_LOCALIZABILITY_NONLOCALIZED = YES;
				CLANG_ANALYZER_NONNULL = YES;
				CLANG_ANALYZER_NUMBER_OBJECT_CONVERSION = YES_AGGRESSIVE;
				CLANG_CXX_LANGUAGE_STANDARD = "gnu++14";
				CLANG_CXX_LIBRARY = "libc++";
				CLANG_ENABLE_MODULES = YES;
				CLANG_ENABLE_OBJC_ARC = YES;
				CLANG_ENABLE_OBJC_WEAK = YES;
				CLANG_WARN_BLOCK_CAPTURE_AUTORELEASING = YES;
				CLANG_WARN_BOOL_CONVERSION = YES;
				CLANG_WARN_COMMA = YES;
				CLANG_WARN_CONSTANT_CONVERSION = YES;
				CLANG_WARN_DEPRECATED_OBJC_IMPLEMENTATIONS = YES;
				CLANG_WARN_DIRECT_OBJC_ISA_USAGE = YES_ERROR;
				CLANG_WARN_DOCUMENTATION_COMMENTS = YES;
				CLANG_WARN_EMPTY_BODY = YES;
				CLANG_WARN_ENUM_CONVERSION = YES;
				CLANG_WARN_INFINITE_RECURSION = YES;
				CLANG_WARN_INT_CONVERSION = YES;
				CLANG_WARN_NON_LITERAL_NULL_CONVERSION = YES;
				CLANG_WARN_OBJC_IMPLICIT_RETAIN_SELF = YES;
				CLANG_WARN_OBJC_LITERAL_CONVERSION = YES;
				CLANG_WARN_OBJC_ROOT_CLASS = YES_ERROR;
				CLANG_WARN_RANGE_LOOP_ANALYSIS = YES;
				CLANG_WARN_STRICT_PROTOTYPES = YES;
				CLANG_WARN_SUSPICIOUS_MOVE = YES;
				CLANG_WARN_UNGUARDED_AVAILABILITY = YES_AGGRESSIVE;
				CLANG_WARN_UNREACHABLE_CODE = YES;
				CLANG_WARN__DUPLICATE_METHOD_MATCH = YES;
				CODE_SIGN_IDENTITY = "iPhone Developer";
				COPY_PHASE_STRIP = NO;
				DEBUG_INFORMATION_FORMAT = "dwarf-with-dsym";
				ENABLE_NS_ASSERTIONS = NO;
				ENABLE_STRICT_OBJC_MSGSEND = YES;
				GCC_C_LANGUAGE_STANDARD = gnu11;
				GCC_NO_COMMON_BLOCKS = YES;
				GCC_WARN_64_TO_32_BIT_CONVERSION = YES;
				GCC_WARN_ABOUT_RETURN_TYPE = YES_ERROR;
				GCC_WARN_UNDECLARED_SELECTOR = YES;
				GCC_WARN_UNINITIALIZED_AUTOS = YES_AGGRESSIVE;
				GCC_WARN_UNUSED_FUNCTION = YES;
				GCC_WARN_UNUSED_VARIABLE = YES;
				IPHONEOS_DEPLOYMENT_TARGET = 12.1;
				MTL_ENABLE_DEBUG_INFO = NO;
				MTL_FAST_MATH = YES;
				SDKROOT = iphoneos;
				SWIFT_COMPILATION_MODE = wholemodule;
				SWIFT_OPTIMIZATION_LEVEL = "-O";
				VALIDATE_PRODUCT = YES;
			};
			name = AdHoc;
		};
		888A33D2221C89CE00420C3A /* AdHoc */ = {
			isa = XCBuildConfiguration;
			baseConfigurationReference = AAA5668B71824F04B9618A0D /* Pods-mi-ios-2019.adhoc.xcconfig */;
			buildSettings = {
				ASSETCATALOG_COMPILER_APPICON_NAME = AppIcon;
				CODE_SIGN_STYLE = Manual;
				DEVELOPMENT_TEAM = "";
				INFOPLIST_FILE = "mi-ios-2019/Info.plist";
				INFOPLIST_PREFIX_HEADER = "$(PROJECT_DIR)/info_preprocess_header.h";
				INFOPLIST_PREPROCESS = YES;
				LD_RUNPATH_SEARCH_PATHS = (
					"$(inherited)",
					"@executable_path/Frameworks",
				);
				PRODUCT_BUNDLE_IDENTIFIER = "cz.cvut.mi-ios.beta";
				PRODUCT_NAME = "$(TARGET_NAME)";
				PROVISIONING_PROFILE_SPECIFIER = "";
				SWIFT_VERSION = 4.2;
				TARGETED_DEVICE_FAMILY = "1,2";
			};
			name = AdHoc;
		};
		888A33DC221C9EB100420C3A /* Debug */ = {
			isa = XCBuildConfiguration;
			buildSettings = {
				CODE_SIGN_STYLE = Automatic;
				PRODUCT_NAME = "$(TARGET_NAME)";
			};
			name = Debug;
		};
		888A33DD221C9EB100420C3A /* Release */ = {
			isa = XCBuildConfiguration;
			buildSettings = {
				CODE_SIGN_STYLE = Automatic;
				PRODUCT_NAME = "$(TARGET_NAME)";
			};
			name = Release;
		};
		888A33DE221C9EB100420C3A /* AdHoc */ = {
			isa = XCBuildConfiguration;
			buildSettings = {
				CODE_SIGN_STYLE = Automatic;
				PRODUCT_NAME = "$(TARGET_NAME)";
			};
			name = AdHoc;
		};
/* End XCBuildConfiguration section */

/* Begin XCConfigurationList section */
		887BDFA4221C672C008C37A4 /* Build configuration list for PBXProject "mi-ios-2019" */ = {
			isa = XCConfigurationList;
			buildConfigurations = (
				887BDFB9221C672D008C37A4 /* Debug */,
				887BDFBA221C672D008C37A4 /* Release */,
				888A33D1221C89CE00420C3A /* AdHoc */,
			);
			defaultConfigurationIsVisible = 0;
			defaultConfigurationName = Release;
		};
		887BDFBB221C672D008C37A4 /* Build configuration list for PBXNativeTarget "mi-ios-2019" */ = {
			isa = XCConfigurationList;
			buildConfigurations = (
				887BDFBC221C672D008C37A4 /* Debug */,
				887BDFBD221C672D008C37A4 /* Release */,
				888A33D2221C89CE00420C3A /* AdHoc */,
			);
			defaultConfigurationIsVisible = 0;
			defaultConfigurationName = Release;
		};
		888A33DF221C9EB100420C3A /* Build configuration list for PBXAggregateTarget "Localization" */ = {
			isa = XCConfigurationList;
			buildConfigurations = (
				888A33DC221C9EB100420C3A /* Debug */,
				888A33DD221C9EB100420C3A /* Release */,
				888A33DE221C9EB100420C3A /* AdHoc */,
			);
			defaultConfigurationIsVisible = 0;
			defaultConfigurationName = Release;
		};
/* End XCConfigurationList section */
	};
	rootObject = 887BDFA1221C672C008C37A4 /* Project object */;
}
