PODS:
  - ACKLocalization (0.3.1)

DEPENDENCIES:
  - ACKLocalization (~> 0.1)

SPEC REPOS:
  https://github.com/cocoapods/specs.git:
    - ACKLocalization

SPEC CHECKSUMS:
  ACKLocalization: 0f0bfec2c25feed1803ca06a3737b67673c196d9

PODFILE CHECKSUM: c4270fa607ab18ab4cfd2484ad77a1d35391603c

COCOAPODS: 1.6.0
